// !$*UTF8*$!
{
	archiveVersion = 1;
	classes = {
	};
	objectVersion = 70;
	objects = {

/* Begin PBXBuildFile section */
		13BB0F2E41D6C189F3A1DFEC /* ActionItemExtractor.swift in Sources */ = {isa = PBXBuildFile; fileRef = A00E741F82F928527B0B8AE8 /* ActionItemExtractor.swift */; };
		161B017FDECF67B09F6F2545 /* MeetingDetailView.swift in Sources */ = {isa = PBXBuildFile; fileRef = 2114F3EDCEA868ED89C91BE6 /* MeetingDetailView.swift */; };
		25D747FDCBBA9AE071924E8A /* MeetingFileManager.swift in Sources */ = {isa = PBXBuildFile; fileRef = 6C93FB278665ECBA6D85B396 /* MeetingFileManager.swift */; };
		2A4F92F72A879816076F778E /* MeetingDatabase.swift in Sources */ = {isa = PBXBuildFile; fileRef = C21C338605A942978A346C12 /* MeetingDatabase.swift */; };
		365B1CAC1E16210254CB5DA3 /* SummaryValidator.swift in Sources */ = {isa = PBXBuildFile; fileRef = A837CEC44FDBE8285546EC93 /* SummaryValidator.swift */; };
		45AEEB78D285C9AEB70EEC48 /* SummaryTemplate.swift in Sources */ = {isa = PBXBuildFile; fileRef = 54D552FC30ACDEDF2BA8B5D7 /* SummaryTemplate.swift */; };
		5982D2A68B8E47B9D3CA129A /* MeetingSummarizer.swift in Sources */ = {isa = PBXBuildFile; fileRef = 23138F52294687A98610E758 /* MeetingSummarizer.swift */; };
		6BB38A88BA91289A6459387D /* TemplateEditorView.swift in Sources */ = {isa = PBXBuildFile; fileRef = 4DBCF8A1CA7BDFCB790FC15F /* TemplateEditorView.swift */; };
		7B0072E32F1CEA4600D01584 /* TranscriptResultWindow.swift in Sources */ = {isa = PBXBuildFile; fileRef = 7B0072E22F1CEA4600D01584 /* TranscriptResultWindow.swift */; };
		7B0072E52F1CF97E00D01584 /* ProcessingIndicatorWindow.swift in Sources */ = {isa = PBXBuildFile; fileRef = 7B0072E42F1CF97E00D01584 /* ProcessingIndicatorWindow.swift */; };
		7B73EFC22EDD944D0062E68C /* ModelManager.swift in Sources */ = {isa = PBXBuildFile; fileRef = 7B73EFC12EDD944D0062E68C /* ModelManager.swift */; };
		7B73EFC42EDD946C0062E68C /* ModelRowView.swift in Sources */ = {isa = PBXBuildFile; fileRef = 7B73EFC32EDD946C0062E68C /* ModelRowView.swift */; };
		7B73EFC62EDD947C0062E68C /* ModelSettingsView.swift in Sources */ = {isa = PBXBuildFile; fileRef = 7B73EFC52EDD947C0062E68C /* ModelSettingsView.swift */; };
		7B73EFCA2EDD989E0062E68C /* AudioRecorder.swift in Sources */ = {isa = PBXBuildFile; fileRef = 7B73EFC92EDD989E0062E68C /* AudioRecorder.swift */; };
		7B73EFCF2EDDD9D10062E68C /* HotKey in Frameworks */ = {isa = PBXBuildFile; productRef = 7B73EFCE2EDDD9D10062E68C /* HotKey */; };
		7BBD25962F0E0687001B3B5A /* SystemAudioCapture.swift in Sources */ = {isa = PBXBuildFile; fileRef = 7BBD257F2F0E0687001B3B5A /* SystemAudioCapture.swift */; };
		7BBD25972F0E0687001B3B5A /* WAVValidator.swift in Sources */ = {isa = PBXBuildFile; fileRef = 7BBD25892F0E0687001B3B5A /* WAVValidator.swift */; };
		7BBD25982F0E0687001B3B5A /* AudioLevel.swift in Sources */ = {isa = PBXBuildFile; fileRef = 7BBD25832F0E0687001B3B5A /* AudioLevel.swift */; };
		7BBD25992F0E0687001B3B5A /* ChunkedDiskWriter.swift in Sources */ = {isa = PBXBuildFile; fileRef = 7BBD257E2F0E0687001B3B5A /* ChunkedDiskWriter.swift */; };
		7BBD259A2F0E0687001B3B5A /* MeetingCoordinator.swift in Sources */ = {isa = PBXBuildFile; fileRef = 7BBD25812F0E0687001B3B5A /* MeetingCoordinator.swift */; };
		7BBD259B2F0E0687001B3B5A /* AudioQualityValidator.swift in Sources */ = {isa = PBXBuildFile; fileRef = 7BBD25882F0E0687001B3B5A /* AudioQualityValidator.swift */; };
		7BBD259C2F0E0687001B3B5A /* MeetingSession.swift in Sources */ = {isa = PBXBuildFile; fileRef = 7BBD25842F0E0687001B3B5A /* MeetingSession.swift */; };
		7BBD259D2F0E0687001B3B5A /* AudioStreamBus.swift in Sources */ = {isa = PBXBuildFile; fileRef = 7BBD257D2F0E0687001B3B5A /* AudioStreamBus.swift */; };
		7BBD259E2F0E0687001B3B5A /* AudioChunk.swift in Sources */ = {isa = PBXBuildFile; fileRef = 7BBD25822F0E0687001B3B5A /* AudioChunk.swift */; };
		7BBD259F2F0E0687001B3B5A /* MeetingRecorder.swift in Sources */ = {isa = PBXBuildFile; fileRef = 7BBD25862F0E0687001B3B5A /* MeetingRecorder.swift */; };
		7BBD25A02F0E0687001B3B5A /* AudioMixer.swift in Sources */ = {isa = PBXBuildFile; fileRef = 7BBD257C2F0E0687001B3B5A /* AudioMixer.swift */; };
		7BBD25B02F0E3D16001B3B5A /* StreamingWhisperProcessor.swift in Sources */ = {isa = PBXBuildFile; fileRef = 7BBD25AD2F0E3D16001B3B5A /* StreamingWhisperProcessor.swift */; };
		7BBD25B12F0E3D16001B3B5A /* TranscriptUpdate.swift in Sources */ = {isa = PBXBuildFile; fileRef = 7BBD25AE2F0E3D16001B3B5A /* TranscriptUpdate.swift */; };
		7BBD25B72F0E3D2E001B3B5A /* LiveSubtitleWindow.swift in Sources */ = {isa = PBXBuildFile; fileRef = 7BBD25B32F0E3D2E001B3B5A /* LiveSubtitleWindow.swift */; };
		7BBD25B82F0E3D2E001B3B5A /* PermissionStatusView.swift in Sources */ = {isa = PBXBuildFile; fileRef = 7BBD25B42F0E3D2E001B3B5A /* PermissionStatusView.swift */; };
		7BBD25B92F0E3D2E001B3B5A /* SubtitleEntryView.swift in Sources */ = {isa = PBXBuildFile; fileRef = 7BBD25B52F0E3D2E001B3B5A /* SubtitleEntryView.swift */; };
		7BBD25BA2F0E3D2E001B3B5A /* LiveSubtitleView.swift in Sources */ = {isa = PBXBuildFile; fileRef = 7BBD25B22F0E3D2E001B3B5A /* LiveSubtitleView.swift */; };
		7BBD25BE2F0E3D5F001B3B5A /* PartialTranscriptStore.swift in Sources */ = {isa = PBXBuildFile; fileRef = 7BBD25BC2F0E3D5F001B3B5A /* PartialTranscriptStore.swift */; };
		7BBD25BF2F0E3D5F001B3B5A /* WERCalculator.swift in Sources */ = {isa = PBXBuildFile; fileRef = 7BBD25BD2F0E3D5F001B3B5A /* WERCalculator.swift */; };
		7BBD25C02F0E3D5F001B3B5A /* LatencyMeasurement.swift in Sources */ = {isa = PBXBuildFile; fileRef = 7BBD25BB2F0E3D5F001B3B5A /* LatencyMeasurement.swift */; };
		A1000001000000000000001 /* WhisperTypeApp.swift in Sources */ = {isa = PBXBuildFile; fileRef = A1000002000000000000001 /* WhisperTypeApp.swift */; };
		A1000003000000000000001 /* Assets.xcassets in Resources */ = {isa = PBXBuildFile; fileRef = A1000004000000000000001 /* Assets.xcassets */; };
		A1000005000000000000001 /* Accelerate.framework in Frameworks */ = {isa = PBXBuildFile; fileRef = A1000006000000000000001 /* Accelerate.framework */; };
		A1000050000000000000001 /* AppDelegate.swift in Sources */ = {isa = PBXBuildFile; fileRef = A1000051000000000000001 /* AppDelegate.swift */; };
		A1000052000000000000001 /* AppCoordinator.swift in Sources */ = {isa = PBXBuildFile; fileRef = A1000053000000000000001 /* AppCoordinator.swift */; };
		A1000054000000000000001 /* AppSettings.swift in Sources */ = {isa = PBXBuildFile; fileRef = A1000055000000000000001 /* AppSettings.swift */; };
		A1000056000000000000001 /* WhisperModel.swift in Sources */ = {isa = PBXBuildFile; fileRef = A1000057000000000000001 /* WhisperModel.swift */; };
		A1000058000000000000001 /* TranscriptionResult.swift in Sources */ = {isa = PBXBuildFile; fileRef = A1000059000000000000001 /* TranscriptionResult.swift */; };
		A1000060000000000000001 /* Constants.swift in Sources */ = {isa = PBXBuildFile; fileRef = A1000061000000000000001 /* Constants.swift */; };
		A1000062000000000000001 /* Permissions.swift in Sources */ = {isa = PBXBuildFile; fileRef = A1000063000000000000001 /* Permissions.swift */; };
		A1000070000000000000001 /* WhisperWrapper.swift in Sources */ = {isa = PBXBuildFile; fileRef = A1000071000000000000001 /* WhisperWrapper.swift */; };
		A1000072000000000000001 /* Metal.framework in Frameworks */ = {isa = PBXBuildFile; fileRef = A1000073000000000000001 /* Metal.framework */; };
		A1000080000000000000001 /* libwhisper.a in Frameworks */ = {isa = PBXBuildFile; fileRef = A1000081000000000000001 /* libwhisper.a */; };
		A1000082000000000000001 /* libggml.a in Frameworks */ = {isa = PBXBuildFile; fileRef = A1000083000000000000001 /* libggml.a */; };
		A1000084000000000000001 /* libggml-base.a in Frameworks */ = {isa = PBXBuildFile; fileRef = A1000085000000000000001 /* libggml-base.a */; };
		A1000086000000000000001 /* libggml-cpu.a in Frameworks */ = {isa = PBXBuildFile; fileRef = A1000087000000000000001 /* libggml-cpu.a */; };
		A1000088000000000000001 /* libggml-metal.a in Frameworks */ = {isa = PBXBuildFile; fileRef = A1000089000000000000001 /* libggml-metal.a */; };
		A1000090000000000000001 /* libggml-blas.a in Frameworks */ = {isa = PBXBuildFile; fileRef = A1000091000000000000001 /* libggml-blas.a */; };
		A1000093000000000000001 /* TextInjector.swift in Sources */ = {isa = PBXBuildFile; fileRef = A1000092000000000000001 /* TextInjector.swift */; };
		A1000095000000000000001 /* HotkeyManager.swift in Sources */ = {isa = PBXBuildFile; fileRef = A1000094000000000000001 /* HotkeyManager.swift */; };
		A7000001000000000000001 /* MenuBarView.swift in Sources */ = {isa = PBXBuildFile; fileRef = A7000002000000000000001 /* MenuBarView.swift */; };
		A8000001000000000000001 /* SettingsContainerView.swift in Sources */ = {isa = PBXBuildFile; fileRef = A8000002000000000000001 /* SettingsContainerView.swift */; };
		A8000003000000000000001 /* GeneralSettingsView.swift in Sources */ = {isa = PBXBuildFile; fileRef = A8000004000000000000001 /* GeneralSettingsView.swift */; };
		A8000005000000000000001 /* HotkeySettingsView.swift in Sources */ = {isa = PBXBuildFile; fileRef = A8000006000000000000001 /* HotkeySettingsView.swift */; };
		AE7AE289AA499883557C7E32 /* MeetingHistoryView.swift in Sources */ = {isa = PBXBuildFile; fileRef = B782D17B7319EAC44A543BF7 /* MeetingHistoryView.swift */; };
		B1200001000000000000001 /* WaveformView.swift in Sources */ = {isa = PBXBuildFile; fileRef = B1200002000000000000001 /* WaveformView.swift */; };
		B1200004000000000000001 /* RecordingOverlayWindow.swift in Sources */ = {isa = PBXBuildFile; fileRef = B1200005000000000000001 /* RecordingOverlayWindow.swift */; };
		B1200006000000000000001 /* RecordingOverlayContentView.swift in Sources */ = {isa = PBXBuildFile; fileRef = B1200007000000000000001 /* RecordingOverlayContentView.swift */; };
		B1300001000000000000001 /* SupportedLanguage.swift in Sources */ = {isa = PBXBuildFile; fileRef = B1300002000000000000001 /* SupportedLanguage.swift */; };
		B20E461CBA544E7D72818846 /* StorageManagementView.swift in Sources */ = {isa = PBXBuildFile; fileRef = 63DCB56E3D59240BDC3FEBF9 /* StorageManagementView.swift */; };
		BAEB6E67F99A76331AAD74EB /* MeetingExporter.swift in Sources */ = {isa = PBXBuildFile; fileRef = C7CE712A25E84AD3FEE2DD39 /* MeetingExporter.swift */; };
		C1200001000000000000001 /* ProcessingMode.swift in Sources */ = {isa = PBXBuildFile; fileRef = C1200002000000000000001 /* ProcessingMode.swift */; };
		C1200003000000000000001 /* LLMPreference.swift in Sources */ = {isa = PBXBuildFile; fileRef = C1200004000000000000001 /* LLMPreference.swift */; };
		C1200005000000000000001 /* FillerRemover.swift in Sources */ = {isa = PBXBuildFile; fileRef = C1200006000000000000001 /* FillerRemover.swift */; };
		C1200007000000000000001 /* FormattingRules.swift in Sources */ = {isa = PBXBuildFile; fileRef = C1200008000000000000001 /* FormattingRules.swift */; };
		C1200009000000000000001 /* LLMEngineProtocol.swift in Sources */ = {isa = PBXBuildFile; fileRef = C1200010000000000000001 /* LLMEngineProtocol.swift */; };
		C1200013000000000000001 /* PostProcessor.swift in Sources */ = {isa = PBXBuildFile; fileRef = C1200014000000000000001 /* PostProcessor.swift */; };
		C1200015000000000000001 /* ProcessingSettingsView.swift in Sources */ = {isa = PBXBuildFile; fileRef = C1200016000000000000001 /* ProcessingSettingsView.swift */; };
		C587889EFCB90DA33492FC42 /* ActionItem.swift in Sources */ = {isa = PBXBuildFile; fileRef = 300B6E3DC2DBB02739FD2392 /* ActionItem.swift */; };
		C8F0942CBF512E34D694B3EC /* SummaryTemplateStore.swift in Sources */ = {isa = PBXBuildFile; fileRef = BE3A0ABCA6AA17FA9B219848 /* SummaryTemplateStore.swift */; };
		CB8852D400592E31B85FDFC1 /* TemplateListView.swift in Sources */ = {isa = PBXBuildFile; fileRef = 4E3C82EFE84D0FA2AB5D5B78 /* TemplateListView.swift */; };
		D1200001000000000000001 /* LLMProvider.swift in Sources */ = {isa = PBXBuildFile; fileRef = D1200002000000000000001 /* LLMProvider.swift */; };
		D1200003000000000000001 /* PromptBuilder.swift in Sources */ = {isa = PBXBuildFile; fileRef = D1200004000000000000001 /* PromptBuilder.swift */; };
		D1200005000000000000001 /* OllamaProvider.swift in Sources */ = {isa = PBXBuildFile; fileRef = D1200006000000000000001 /* OllamaProvider.swift */; };
		D1200007000000000000001 /* OllamaModelManager.swift in Sources */ = {isa = PBXBuildFile; fileRef = D1200008000000000000001 /* OllamaModelManager.swift */; };
		D1200009000000000000001 /* CloudProvider.swift in Sources */ = {isa = PBXBuildFile; fileRef = D1200010000000000000001 /* CloudProvider.swift */; };
		D1200011000000000000001 /* LLMEngine.swift in Sources */ = {isa = PBXBuildFile; fileRef = D1200012000000000000001 /* LLMEngine.swift */; };
		D1200013000000000000001 /* KeychainManager.swift in Sources */ = {isa = PBXBuildFile; fileRef = D1200014000000000000001 /* KeychainManager.swift */; };
		E1200001000000000000001 /* ToastNotificationWindow.swift in Sources */ = {isa = PBXBuildFile; fileRef = E1200002000000000000001 /* ToastNotificationWindow.swift */; };
		F1300001000000000000001 /* VocabularyEntry.swift in Sources */ = {isa = PBXBuildFile; fileRef = F1300002000000000000001 /* VocabularyEntry.swift */; };
		F1300003000000000000001 /* VocabularyStorage.swift in Sources */ = {isa = PBXBuildFile; fileRef = F1300004000000000000001 /* VocabularyStorage.swift */; };
		F1300005000000000000001 /* VocabularyManager.swift in Sources */ = {isa = PBXBuildFile; fileRef = F1300006000000000000001 /* VocabularyManager.swift */; };
		F1300007000000000000001 /* VocabularyCorrector.swift in Sources */ = {isa = PBXBuildFile; fileRef = F1300008000000000000001 /* VocabularyCorrector.swift */; };
		F1300009000000000000001 /* VocabularySettingsView.swift in Sources */ = {isa = PBXBuildFile; fileRef = F1300010000000000000001 /* VocabularySettingsView.swift */; };
		F1300011000000000000001 /* VocabularyEntryRow.swift in Sources */ = {isa = PBXBuildFile; fileRef = F1300012000000000000001 /* VocabularyEntryRow.swift */; };
		F1300013000000000000001 /* VocabularyEntryEditorView.swift in Sources */ = {isa = PBXBuildFile; fileRef = F1300014000000000000001 /* VocabularyEntryEditorView.swift */; };
		G1400001000000000000001 /* AppInfo.swift in Sources */ = {isa = PBXBuildFile; fileRef = G1400002000000000000001 /* AppInfo.swift */; };
		G1400003000000000000001 /* AppPreset.swift in Sources */ = {isa = PBXBuildFile; fileRef = G1400004000000000000001 /* AppPreset.swift */; };
		G1400005000000000000001 /* AppRule.swift in Sources */ = {isa = PBXBuildFile; fileRef = G1400006000000000000001 /* AppRule.swift */; };
		G1400007000000000000001 /* ContextDetector.swift in Sources */ = {isa = PBXBuildFile; fileRef = G1400008000000000000001 /* ContextDetector.swift */; };
		G1400009000000000000001 /* DefaultAppPresets.swift in Sources */ = {isa = PBXBuildFile; fileRef = G1400010000000000000001 /* DefaultAppPresets.swift */; };
		G1400011000000000000001 /* AppAwareManager.swift in Sources */ = {isa = PBXBuildFile; fileRef = G1400012000000000000001 /* AppAwareManager.swift */; };
		G1400013000000000000001 /* AppRulesSettingsView.swift in Sources */ = {isa = PBXBuildFile; fileRef = G1400014000000000000001 /* AppRulesSettingsView.swift */; };
		G1400015000000000000001 /* AddAppSheet.swift in Sources */ = {isa = PBXBuildFile; fileRef = G1400016000000000000001 /* AddAppSheet.swift */; };
/* End PBXBuildFile section */

/* Begin PBXContainerItemProxy section */
		7BBD25642F0E041A001B3B5A /* PBXContainerItemProxy */ = {
			isa = PBXContainerItemProxy;
			containerPortal = A1000031000000000000001 /* Project object */;
			proxyType = 1;
			remoteGlobalIDString = A1000027000000000000001;
			remoteInfo = WhisperType;
		};
/* End PBXContainerItemProxy section */

/* Begin PBXFileReference section */
		2114F3EDCEA868ED89C91BE6 /* MeetingDetailView.swift */ = {isa = PBXFileReference; includeInIndex = 1; lastKnownFileType = sourcecode.swift; path = MeetingDetailView.swift; sourceTree = "<group>"; };
		23138F52294687A98610E758 /* MeetingSummarizer.swift */ = {isa = PBXFileReference; includeInIndex = 1; lastKnownFileType = sourcecode.swift; path = MeetingSummarizer.swift; sourceTree = "<group>"; };
		300B6E3DC2DBB02739FD2392 /* ActionItem.swift */ = {isa = PBXFileReference; includeInIndex = 1; lastKnownFileType = sourcecode.swift; path = ActionItem.swift; sourceTree = "<group>"; };
		4DBCF8A1CA7BDFCB790FC15F /* TemplateEditorView.swift */ = {isa = PBXFileReference; includeInIndex = 1; lastKnownFileType = sourcecode.swift; path = TemplateEditorView.swift; sourceTree = "<group>"; };
		4E3C82EFE84D0FA2AB5D5B78 /* TemplateListView.swift */ = {isa = PBXFileReference; includeInIndex = 1; lastKnownFileType = sourcecode.swift; path = TemplateListView.swift; sourceTree = "<group>"; };
		54D552FC30ACDEDF2BA8B5D7 /* SummaryTemplate.swift */ = {isa = PBXFileReference; includeInIndex = 1; lastKnownFileType = sourcecode.swift; path = SummaryTemplate.swift; sourceTree = "<group>"; };
		63DCB56E3D59240BDC3FEBF9 /* StorageManagementView.swift */ = {isa = PBXFileReference; includeInIndex = 1; lastKnownFileType = sourcecode.swift; path = StorageManagementView.swift; sourceTree = "<group>"; };
		6C93FB278665ECBA6D85B396 /* MeetingFileManager.swift */ = {isa = PBXFileReference; includeInIndex = 1; lastKnownFileType = sourcecode.swift; name = MeetingFileManager.swift; path = Storage/MeetingFileManager.swift; sourceTree = "<group>"; };
		7B0072E22F1CEA4600D01584 /* TranscriptResultWindow.swift */ = {isa = PBXFileReference; lastKnownFileType = sourcecode.swift; path = TranscriptResultWindow.swift; sourceTree = "<group>"; };
		7B0072E42F1CF97E00D01584 /* ProcessingIndicatorWindow.swift */ = {isa = PBXFileReference; lastKnownFileType = sourcecode.swift; path = ProcessingIndicatorWindow.swift; sourceTree = "<group>"; };
		7B73EFC12EDD944D0062E68C /* ModelManager.swift */ = {isa = PBXFileReference; lastKnownFileType = sourcecode.swift; path = ModelManager.swift; sourceTree = "<group>"; };
		7B73EFC32EDD946C0062E68C /* ModelRowView.swift */ = {isa = PBXFileReference; lastKnownFileType = sourcecode.swift; path = ModelRowView.swift; sourceTree = "<group>"; };
		7B73EFC52EDD947C0062E68C /* ModelSettingsView.swift */ = {isa = PBXFileReference; lastKnownFileType = sourcecode.swift; path = ModelSettingsView.swift; sourceTree = "<group>"; };
		7B73EFC92EDD989E0062E68C /* AudioRecorder.swift */ = {isa = PBXFileReference; lastKnownFileType = sourcecode.swift; path = AudioRecorder.swift; sourceTree = "<group>"; };
		7BBD25602F0E041A001B3B5A /* WhisperTypeTests.xctest */ = {isa = PBXFileReference; explicitFileType = wrapper.cfbundle; includeInIndex = 0; path = WhisperTypeTests.xctest; sourceTree = BUILT_PRODUCTS_DIR; };
		7BBD257C2F0E0687001B3B5A /* AudioMixer.swift */ = {isa = PBXFileReference; lastKnownFileType = sourcecode.swift; path = AudioMixer.swift; sourceTree = "<group>"; };
		7BBD257D2F0E0687001B3B5A /* AudioStreamBus.swift */ = {isa = PBXFileReference; lastKnownFileType = sourcecode.swift; path = AudioStreamBus.swift; sourceTree = "<group>"; };
		7BBD257E2F0E0687001B3B5A /* ChunkedDiskWriter.swift */ = {isa = PBXFileReference; lastKnownFileType = sourcecode.swift; path = ChunkedDiskWriter.swift; sourceTree = "<group>"; };
		7BBD257F2F0E0687001B3B5A /* SystemAudioCapture.swift */ = {isa = PBXFileReference; lastKnownFileType = sourcecode.swift; path = SystemAudioCapture.swift; sourceTree = "<group>"; };
		7BBD25812F0E0687001B3B5A /* MeetingCoordinator.swift */ = {isa = PBXFileReference; lastKnownFileType = sourcecode.swift; path = MeetingCoordinator.swift; sourceTree = "<group>"; };
		7BBD25822F0E0687001B3B5A /* AudioChunk.swift */ = {isa = PBXFileReference; lastKnownFileType = sourcecode.swift; path = AudioChunk.swift; sourceTree = "<group>"; };
		7BBD25832F0E0687001B3B5A /* AudioLevel.swift */ = {isa = PBXFileReference; lastKnownFileType = sourcecode.swift; path = AudioLevel.swift; sourceTree = "<group>"; };
		7BBD25842F0E0687001B3B5A /* MeetingSession.swift */ = {isa = PBXFileReference; lastKnownFileType = sourcecode.swift; path = MeetingSession.swift; sourceTree = "<group>"; };
		7BBD25862F0E0687001B3B5A /* MeetingRecorder.swift */ = {isa = PBXFileReference; lastKnownFileType = sourcecode.swift; path = MeetingRecorder.swift; sourceTree = "<group>"; };
		7BBD25882F0E0687001B3B5A /* AudioQualityValidator.swift */ = {isa = PBXFileReference; lastKnownFileType = sourcecode.swift; path = AudioQualityValidator.swift; sourceTree = "<group>"; };
		7BBD25892F0E0687001B3B5A /* WAVValidator.swift */ = {isa = PBXFileReference; lastKnownFileType = sourcecode.swift; path = WAVValidator.swift; sourceTree = "<group>"; };
		7BBD25AD2F0E3D16001B3B5A /* StreamingWhisperProcessor.swift */ = {isa = PBXFileReference; lastKnownFileType = sourcecode.swift; path = StreamingWhisperProcessor.swift; sourceTree = "<group>"; };
		7BBD25AE2F0E3D16001B3B5A /* TranscriptUpdate.swift */ = {isa = PBXFileReference; lastKnownFileType = sourcecode.swift; path = TranscriptUpdate.swift; sourceTree = "<group>"; };
		7BBD25B22F0E3D2E001B3B5A /* LiveSubtitleView.swift */ = {isa = PBXFileReference; lastKnownFileType = sourcecode.swift; path = LiveSubtitleView.swift; sourceTree = "<group>"; };
		7BBD25B32F0E3D2E001B3B5A /* LiveSubtitleWindow.swift */ = {isa = PBXFileReference; lastKnownFileType = sourcecode.swift; path = LiveSubtitleWindow.swift; sourceTree = "<group>"; };
		7BBD25B42F0E3D2E001B3B5A /* PermissionStatusView.swift */ = {isa = PBXFileReference; lastKnownFileType = sourcecode.swift; path = PermissionStatusView.swift; sourceTree = "<group>"; };
		7BBD25B52F0E3D2E001B3B5A /* SubtitleEntryView.swift */ = {isa = PBXFileReference; lastKnownFileType = sourcecode.swift; path = SubtitleEntryView.swift; sourceTree = "<group>"; };
		7BBD25BB2F0E3D5F001B3B5A /* LatencyMeasurement.swift */ = {isa = PBXFileReference; lastKnownFileType = sourcecode.swift; path = LatencyMeasurement.swift; sourceTree = "<group>"; };
		7BBD25BC2F0E3D5F001B3B5A /* PartialTranscriptStore.swift */ = {isa = PBXFileReference; lastKnownFileType = sourcecode.swift; path = PartialTranscriptStore.swift; sourceTree = "<group>"; };
		7BBD25BD2F0E3D5F001B3B5A /* WERCalculator.swift */ = {isa = PBXFileReference; lastKnownFileType = sourcecode.swift; path = WERCalculator.swift; sourceTree = "<group>"; };
		A00E741F82F928527B0B8AE8 /* ActionItemExtractor.swift */ = {isa = PBXFileReference; includeInIndex = 1; lastKnownFileType = sourcecode.swift; path = ActionItemExtractor.swift; sourceTree = "<group>"; };
		A1000002000000000000001 /* WhisperTypeApp.swift */ = {isa = PBXFileReference; lastKnownFileType = sourcecode.swift; path = WhisperTypeApp.swift; sourceTree = "<group>"; };
		A1000004000000000000001 /* Assets.xcassets */ = {isa = PBXFileReference; lastKnownFileType = folder.assetcatalog; path = Assets.xcassets; sourceTree = "<group>"; };
		A1000006000000000000001 /* Accelerate.framework */ = {isa = PBXFileReference; lastKnownFileType = wrapper.framework; name = Accelerate.framework; path = System/Library/Frameworks/Accelerate.framework; sourceTree = SDKROOT; };
		A1000007000000000000001 /* WhisperType.app */ = {isa = PBXFileReference; explicitFileType = wrapper.application; includeInIndex = 0; path = WhisperType.app; sourceTree = BUILT_PRODUCTS_DIR; };
		A1000008000000000000001 /* Info.plist */ = {isa = PBXFileReference; lastKnownFileType = text.plist.xml; path = Info.plist; sourceTree = "<group>"; };
		A1000009000000000000001 /* WhisperType-Bridging-Header.h */ = {isa = PBXFileReference; lastKnownFileType = sourcecode.c.h; path = "WhisperType-Bridging-Header.h"; sourceTree = "<group>"; };
		A1000010000000000000001 /* WhisperType.entitlements */ = {isa = PBXFileReference; lastKnownFileType = text.plist.entitlements; path = WhisperType.entitlements; sourceTree = "<group>"; };
		A1000051000000000000001 /* AppDelegate.swift */ = {isa = PBXFileReference; lastKnownFileType = sourcecode.swift; path = AppDelegate.swift; sourceTree = "<group>"; };
		A1000053000000000000001 /* AppCoordinator.swift */ = {isa = PBXFileReference; lastKnownFileType = sourcecode.swift; path = AppCoordinator.swift; sourceTree = "<group>"; };
		A1000055000000000000001 /* AppSettings.swift */ = {isa = PBXFileReference; lastKnownFileType = sourcecode.swift; path = AppSettings.swift; sourceTree = "<group>"; };
		A1000057000000000000001 /* WhisperModel.swift */ = {isa = PBXFileReference; lastKnownFileType = sourcecode.swift; path = WhisperModel.swift; sourceTree = "<group>"; };
		A1000059000000000000001 /* TranscriptionResult.swift */ = {isa = PBXFileReference; lastKnownFileType = sourcecode.swift; path = TranscriptionResult.swift; sourceTree = "<group>"; };
		A1000061000000000000001 /* Constants.swift */ = {isa = PBXFileReference; lastKnownFileType = sourcecode.swift; path = Constants.swift; sourceTree = "<group>"; };
		A1000063000000000000001 /* Permissions.swift */ = {isa = PBXFileReference; lastKnownFileType = sourcecode.swift; path = Permissions.swift; sourceTree = "<group>"; };
		A1000071000000000000001 /* WhisperWrapper.swift */ = {isa = PBXFileReference; lastKnownFileType = sourcecode.swift; path = WhisperWrapper.swift; sourceTree = "<group>"; };
		A1000073000000000000001 /* Metal.framework */ = {isa = PBXFileReference; lastKnownFileType = wrapper.framework; name = Metal.framework; path = System/Library/Frameworks/Metal.framework; sourceTree = SDKROOT; };
		A1000081000000000000001 /* libwhisper.a */ = {isa = PBXFileReference; lastKnownFileType = archive.ar; name = libwhisper.a; path = "Libraries/whisper-built/lib/libwhisper.a"; sourceTree = "<group>"; };
		A1000083000000000000001 /* libggml.a */ = {isa = PBXFileReference; lastKnownFileType = archive.ar; name = libggml.a; path = "Libraries/whisper-built/lib/libggml.a"; sourceTree = "<group>"; };
		A1000085000000000000001 /* libggml-base.a */ = {isa = PBXFileReference; lastKnownFileType = archive.ar; name = "libggml-base.a"; path = "Libraries/whisper-built/lib/libggml-base.a"; sourceTree = "<group>"; };
		A1000087000000000000001 /* libggml-cpu.a */ = {isa = PBXFileReference; lastKnownFileType = archive.ar; name = "libggml-cpu.a"; path = "Libraries/whisper-built/lib/libggml-cpu.a"; sourceTree = "<group>"; };
		A1000089000000000000001 /* libggml-metal.a */ = {isa = PBXFileReference; lastKnownFileType = archive.ar; name = "libggml-metal.a"; path = "Libraries/whisper-built/lib/libggml-metal.a"; sourceTree = "<group>"; };
		A1000091000000000000001 /* libggml-blas.a */ = {isa = PBXFileReference; lastKnownFileType = archive.ar; name = "libggml-blas.a"; path = "Libraries/whisper-built/lib/libggml-blas.a"; sourceTree = "<group>"; };
		A1000092000000000000001 /* TextInjector.swift */ = {isa = PBXFileReference; lastKnownFileType = sourcecode.swift; path = TextInjector.swift; sourceTree = "<group>"; };
		A1000094000000000000001 /* HotkeyManager.swift */ = {isa = PBXFileReference; lastKnownFileType = sourcecode.swift; path = HotkeyManager.swift; sourceTree = "<group>"; };
		A1000100000000000000001 /* WhisperType.xcconfig */ = {isa = PBXFileReference; lastKnownFileType = text.xcconfig; path = WhisperType.xcconfig; sourceTree = "<group>"; };
		A7000002000000000000001 /* MenuBarView.swift */ = {isa = PBXFileReference; lastKnownFileType = sourcecode.swift; path = MenuBarView.swift; sourceTree = "<group>"; };
		A8000002000000000000001 /* SettingsContainerView.swift */ = {isa = PBXFileReference; lastKnownFileType = sourcecode.swift; path = SettingsContainerView.swift; sourceTree = "<group>"; };
		A8000004000000000000001 /* GeneralSettingsView.swift */ = {isa = PBXFileReference; lastKnownFileType = sourcecode.swift; path = GeneralSettingsView.swift; sourceTree = "<group>"; };
		A8000006000000000000001 /* HotkeySettingsView.swift */ = {isa = PBXFileReference; lastKnownFileType = sourcecode.swift; path = HotkeySettingsView.swift; sourceTree = "<group>"; };
		A837CEC44FDBE8285546EC93 /* SummaryValidator.swift */ = {isa = PBXFileReference; includeInIndex = 1; lastKnownFileType = sourcecode.swift; path = SummaryValidator.swift; sourceTree = "<group>"; };
		B1200002000000000000001 /* WaveformView.swift */ = {isa = PBXFileReference; lastKnownFileType = sourcecode.swift; path = WaveformView.swift; sourceTree = "<group>"; };
		B1200005000000000000001 /* RecordingOverlayWindow.swift */ = {isa = PBXFileReference; lastKnownFileType = sourcecode.swift; path = RecordingOverlayWindow.swift; sourceTree = "<group>"; };
		B1200007000000000000001 /* RecordingOverlayContentView.swift */ = {isa = PBXFileReference; lastKnownFileType = sourcecode.swift; path = RecordingOverlayContentView.swift; sourceTree = "<group>"; };
		B1300002000000000000001 /* SupportedLanguage.swift */ = {isa = PBXFileReference; lastKnownFileType = sourcecode.swift; path = SupportedLanguage.swift; sourceTree = "<group>"; };
		B782D17B7319EAC44A543BF7 /* MeetingHistoryView.swift */ = {isa = PBXFileReference; includeInIndex = 1; lastKnownFileType = sourcecode.swift; path = MeetingHistoryView.swift; sourceTree = "<group>"; };
		BE3A0ABCA6AA17FA9B219848 /* SummaryTemplateStore.swift */ = {isa = PBXFileReference; includeInIndex = 1; lastKnownFileType = sourcecode.swift; path = SummaryTemplateStore.swift; sourceTree = "<group>"; };
		C1200002000000000000001 /* ProcessingMode.swift */ = {isa = PBXFileReference; lastKnownFileType = sourcecode.swift; path = ProcessingMode.swift; sourceTree = "<group>"; };
		C1200004000000000000001 /* LLMPreference.swift */ = {isa = PBXFileReference; lastKnownFileType = sourcecode.swift; path = LLMPreference.swift; sourceTree = "<group>"; };
		C1200006000000000000001 /* FillerRemover.swift */ = {isa = PBXFileReference; lastKnownFileType = sourcecode.swift; path = FillerRemover.swift; sourceTree = "<group>"; };
		C1200008000000000000001 /* FormattingRules.swift */ = {isa = PBXFileReference; lastKnownFileType = sourcecode.swift; path = FormattingRules.swift; sourceTree = "<group>"; };
		C1200010000000000000001 /* LLMEngineProtocol.swift */ = {isa = PBXFileReference; lastKnownFileType = sourcecode.swift; path = LLMEngineProtocol.swift; sourceTree = "<group>"; };
		C1200014000000000000001 /* PostProcessor.swift */ = {isa = PBXFileReference; lastKnownFileType = sourcecode.swift; path = PostProcessor.swift; sourceTree = "<group>"; };
		C1200016000000000000001 /* ProcessingSettingsView.swift */ = {isa = PBXFileReference; lastKnownFileType = sourcecode.swift; path = ProcessingSettingsView.swift; sourceTree = "<group>"; };
		C21C338605A942978A346C12 /* MeetingDatabase.swift */ = {isa = PBXFileReference; includeInIndex = 1; lastKnownFileType = sourcecode.swift; name = MeetingDatabase.swift; path = Storage/MeetingDatabase.swift; sourceTree = "<group>"; };
		C7CE712A25E84AD3FEE2DD39 /* MeetingExporter.swift */ = {isa = PBXFileReference; includeInIndex = 1; lastKnownFileType = sourcecode.swift; name = MeetingExporter.swift; path = Export/MeetingExporter.swift; sourceTree = "<group>"; };
		D1200002000000000000001 /* LLMProvider.swift */ = {isa = PBXFileReference; lastKnownFileType = sourcecode.swift; path = LLMProvider.swift; sourceTree = "<group>"; };
		D1200004000000000000001 /* PromptBuilder.swift */ = {isa = PBXFileReference; lastKnownFileType = sourcecode.swift; path = PromptBuilder.swift; sourceTree = "<group>"; };
		D1200006000000000000001 /* OllamaProvider.swift */ = {isa = PBXFileReference; lastKnownFileType = sourcecode.swift; path = OllamaProvider.swift; sourceTree = "<group>"; };
		D1200008000000000000001 /* OllamaModelManager.swift */ = {isa = PBXFileReference; lastKnownFileType = sourcecode.swift; path = OllamaModelManager.swift; sourceTree = "<group>"; };
		D1200010000000000000001 /* CloudProvider.swift */ = {isa = PBXFileReference; lastKnownFileType = sourcecode.swift; path = CloudProvider.swift; sourceTree = "<group>"; };
		D1200012000000000000001 /* LLMEngine.swift */ = {isa = PBXFileReference; lastKnownFileType = sourcecode.swift; path = LLMEngine.swift; sourceTree = "<group>"; };
		D1200014000000000000001 /* KeychainManager.swift */ = {isa = PBXFileReference; lastKnownFileType = sourcecode.swift; path = KeychainManager.swift; sourceTree = "<group>"; };
		E1200002000000000000001 /* ToastNotificationWindow.swift */ = {isa = PBXFileReference; lastKnownFileType = sourcecode.swift; path = ToastNotificationWindow.swift; sourceTree = "<group>"; };
		F1300002000000000000001 /* VocabularyEntry.swift */ = {isa = PBXFileReference; lastKnownFileType = sourcecode.swift; path = VocabularyEntry.swift; sourceTree = "<group>"; };
		F1300004000000000000001 /* VocabularyStorage.swift */ = {isa = PBXFileReference; lastKnownFileType = sourcecode.swift; path = VocabularyStorage.swift; sourceTree = "<group>"; };
		F1300006000000000000001 /* VocabularyManager.swift */ = {isa = PBXFileReference; lastKnownFileType = sourcecode.swift; path = VocabularyManager.swift; sourceTree = "<group>"; };
		F1300008000000000000001 /* VocabularyCorrector.swift */ = {isa = PBXFileReference; lastKnownFileType = sourcecode.swift; path = VocabularyCorrector.swift; sourceTree = "<group>"; };
		F1300010000000000000001 /* VocabularySettingsView.swift */ = {isa = PBXFileReference; lastKnownFileType = sourcecode.swift; path = VocabularySettingsView.swift; sourceTree = "<group>"; };
		F1300012000000000000001 /* VocabularyEntryRow.swift */ = {isa = PBXFileReference; lastKnownFileType = sourcecode.swift; path = VocabularyEntryRow.swift; sourceTree = "<group>"; };
		F1300014000000000000001 /* VocabularyEntryEditorView.swift */ = {isa = PBXFileReference; lastKnownFileType = sourcecode.swift; path = VocabularyEntryEditorView.swift; sourceTree = "<group>"; };
		G1400002000000000000001 /* AppInfo.swift */ = {isa = PBXFileReference; lastKnownFileType = sourcecode.swift; path = AppInfo.swift; sourceTree = "<group>"; };
		G1400004000000000000001 /* AppPreset.swift */ = {isa = PBXFileReference; lastKnownFileType = sourcecode.swift; path = AppPreset.swift; sourceTree = "<group>"; };
		G1400006000000000000001 /* AppRule.swift */ = {isa = PBXFileReference; lastKnownFileType = sourcecode.swift; path = AppRule.swift; sourceTree = "<group>"; };
		G1400008000000000000001 /* ContextDetector.swift */ = {isa = PBXFileReference; lastKnownFileType = sourcecode.swift; path = ContextDetector.swift; sourceTree = "<group>"; };
		G1400010000000000000001 /* DefaultAppPresets.swift */ = {isa = PBXFileReference; lastKnownFileType = sourcecode.swift; path = DefaultAppPresets.swift; sourceTree = "<group>"; };
		G1400012000000000000001 /* AppAwareManager.swift */ = {isa = PBXFileReference; lastKnownFileType = sourcecode.swift; path = AppAwareManager.swift; sourceTree = "<group>"; };
		G1400014000000000000001 /* AppRulesSettingsView.swift */ = {isa = PBXFileReference; lastKnownFileType = sourcecode.swift; path = AppRulesSettingsView.swift; sourceTree = "<group>"; };
		G1400016000000000000001 /* AddAppSheet.swift */ = {isa = PBXFileReference; lastKnownFileType = sourcecode.swift; path = AddAppSheet.swift; sourceTree = "<group>"; };
/* End PBXFileReference section */

/* Begin PBXFileSystemSynchronizedBuildFileExceptionSet section */
		7BBD25A12F0E0857001B3B5A /* Exceptions for "WhisperTypeTests" folder in "WhisperTypeTests" target */ = {
			isa = PBXFileSystemSynchronizedBuildFileExceptionSet;
			membershipExceptions = (
				Meeting/AudioMixerTests.swift,
			);
			target = 7BBD255F2F0E041A001B3B5A /* WhisperTypeTests */;
		};
/* End PBXFileSystemSynchronizedBuildFileExceptionSet section */

/* Begin PBXFileSystemSynchronizedRootGroup section */
		7BBD25612F0E041A001B3B5A /* WhisperTypeTests */ = {
			isa = PBXFileSystemSynchronizedRootGroup;
			exceptions = (
				7BBD25A12F0E0857001B3B5A /* Exceptions for "WhisperTypeTests" folder in "WhisperTypeTests" target */,
			);
			explicitFileTypes = {
			};
			explicitFolders = (
			);
			path = WhisperTypeTests;
			sourceTree = "<group>";
		};
/* End PBXFileSystemSynchronizedRootGroup section */

/* Begin PBXFrameworksBuildPhase section */
		7BBD255D2F0E041A001B3B5A /* Frameworks */ = {
			isa = PBXFrameworksBuildPhase;
			buildActionMask = 2147483647;
			files = (
			);
			runOnlyForDeploymentPostprocessing = 0;
		};
		A1000011000000000000001 /* Frameworks */ = {
			isa = PBXFrameworksBuildPhase;
			buildActionMask = 2147483647;
			files = (
				A1000080000000000000001 /* libwhisper.a in Frameworks */,
				A1000082000000000000001 /* libggml.a in Frameworks */,
				A1000084000000000000001 /* libggml-base.a in Frameworks */,
				A1000086000000000000001 /* libggml-cpu.a in Frameworks */,
				A1000088000000000000001 /* libggml-metal.a in Frameworks */,
				A1000090000000000000001 /* libggml-blas.a in Frameworks */,
				7B73EFCF2EDDD9D10062E68C /* HotKey in Frameworks */,
				A1000005000000000000001 /* Accelerate.framework in Frameworks */,
				A1000072000000000000001 /* Metal.framework in Frameworks */,
			);
			runOnlyForDeploymentPostprocessing = 0;
		};
/* End PBXFrameworksBuildPhase section */

/* Begin PBXGroup section */
		6DD5148581FD35B270666532 /* Storage */ = {
			isa = PBXGroup;
			children = (
				C21C338605A942978A346C12 /* MeetingDatabase.swift */,
				6C93FB278665ECBA6D85B396 /* MeetingFileManager.swift */,
			);
			name = Storage;
			sourceTree = "<group>";
		};
		7BBD25802F0E0687001B3B5A /* Audio */ = {
			isa = PBXGroup;
			children = (
				7BBD257C2F0E0687001B3B5A /* AudioMixer.swift */,
				7BBD257D2F0E0687001B3B5A /* AudioStreamBus.swift */,
				7BBD257E2F0E0687001B3B5A /* ChunkedDiskWriter.swift */,
				7BBD257F2F0E0687001B3B5A /* SystemAudioCapture.swift */,
			);
			path = Audio;
			sourceTree = "<group>";
		};
		7BBD25852F0E0687001B3B5A /* Models */ = {
			isa = PBXGroup;
			children = (
				7BBD25822F0E0687001B3B5A /* AudioChunk.swift */,
				7BBD25832F0E0687001B3B5A /* AudioLevel.swift */,
				7BBD25842F0E0687001B3B5A /* MeetingSession.swift */,
				300B6E3DC2DBB02739FD2392 /* ActionItem.swift */,
				54D552FC30ACDEDF2BA8B5D7 /* SummaryTemplate.swift */,
			);
			path = Models;
			sourceTree = "<group>";
		};
		7BBD25872F0E0687001B3B5A /* Recording */ = {
			isa = PBXGroup;
			children = (
				7BBD25862F0E0687001B3B5A /* MeetingRecorder.swift */,
			);
			path = Recording;
			sourceTree = "<group>";
		};
		7BBD258A2F0E0687001B3B5A /* Utilities */ = {
			isa = PBXGroup;
			children = (
				7BBD25BB2F0E3D5F001B3B5A /* LatencyMeasurement.swift */,
				7BBD25BC2F0E3D5F001B3B5A /* PartialTranscriptStore.swift */,
				7BBD25BD2F0E3D5F001B3B5A /* WERCalculator.swift */,
				7BBD25882F0E0687001B3B5A /* AudioQualityValidator.swift */,
				7BBD25892F0E0687001B3B5A /* WAVValidator.swift */,
			);
			path = Utilities;
			sourceTree = "<group>";
		};
		7BBD25A42F0E0BE4001B3B5A /* Meeting */ = {
			isa = PBXGroup;
			children = (
				7BBD25B62F0E3D2E001B3B5A /* Views */,
				7BBD25AF2F0E3D16001B3B5A /* Processing */,
				7BBD25802F0E0687001B3B5A /* Audio */,
				7BBD25812F0E0687001B3B5A /* MeetingCoordinator.swift */,
				7BBD25852F0E0687001B3B5A /* Models */,
				7BBD25872F0E0687001B3B5A /* Recording */,
				7BBD258A2F0E0687001B3B5A /* Utilities */,
				8296FCAABF027BBCBF51A4D2 /* Summarization */,
				6DD5148581FD35B270666532 /* Storage */,
				D640C222C1186F6CA98984BA /* Export */,
			);
			path = Meeting;
			sourceTree = "<group>";
		};
		7BBD25AF2F0E3D16001B3B5A /* Processing */ = {
			isa = PBXGroup;
			children = (
				7BBD25AD2F0E3D16001B3B5A /* StreamingWhisperProcessor.swift */,
				7BBD25AE2F0E3D16001B3B5A /* TranscriptUpdate.swift */,
			);
			path = Processing;
			sourceTree = "<group>";
		};
		7BBD25B62F0E3D2E001B3B5A /* Views */ = {
			isa = PBXGroup;
			children = (
				7B0072E42F1CF97E00D01584 /* ProcessingIndicatorWindow.swift */,
				7B0072E22F1CEA4600D01584 /* TranscriptResultWindow.swift */,
				7BBD25B22F0E3D2E001B3B5A /* LiveSubtitleView.swift */,
				7BBD25B32F0E3D2E001B3B5A /* LiveSubtitleWindow.swift */,
				7BBD25B42F0E3D2E001B3B5A /* PermissionStatusView.swift */,
				7BBD25B52F0E3D2E001B3B5A /* SubtitleEntryView.swift */,
				4DBCF8A1CA7BDFCB790FC15F /* TemplateEditorView.swift */,
				4E3C82EFE84D0FA2AB5D5B78 /* TemplateListView.swift */,
				B782D17B7319EAC44A543BF7 /* MeetingHistoryView.swift */,
				2114F3EDCEA868ED89C91BE6 /* MeetingDetailView.swift */,
				63DCB56E3D59240BDC3FEBF9 /* StorageManagementView.swift */,
			);
			path = Views;
			sourceTree = "<group>";
		};
		8296FCAABF027BBCBF51A4D2 /* Summarization */ = {
			isa = PBXGroup;
			children = (
				A00E741F82F928527B0B8AE8 /* ActionItemExtractor.swift */,
				23138F52294687A98610E758 /* MeetingSummarizer.swift */,
				BE3A0ABCA6AA17FA9B219848 /* SummaryTemplateStore.swift */,
				A837CEC44FDBE8285546EC93 /* SummaryValidator.swift */,
			);
			path = Summarization;
			sourceTree = "<group>";
		};
		A1000012000000000000001 = {
			isa = PBXGroup;
			children = (
				7BBD25A42F0E0BE4001B3B5A /* Meeting */,
				A1000013000000000000001 /* WhisperType */,
				A1000014000000000000001 /* Libraries */,
				7BBD25612F0E041A001B3B5A /* WhisperTypeTests */,
				A1000015000000000000001 /* Frameworks */,
				A1000016000000000000001 /* Products */,
			);
			sourceTree = "<group>";
		};
		A1000013000000000000001 /* WhisperType */ = {
			isa = PBXGroup;
			children = (
				A1000017000000000000001 /* App */,
				A1000018000000000000001 /* Models */,
				A1000019000000000000001 /* Managers */,
				C1200017000000000000001 /* Processing */,
				A1000020000000000000001 /* Views */,
				A1000021000000000000001 /* Utilities */,
				A1000022000000000000001 /* Bridging */,
				A1000023000000000000001 /* Resources */,
				A1000101000000000000001 /* Config */,
				A1000008000000000000001 /* Info.plist */,
				A1000010000000000000001 /* WhisperType.entitlements */,
			);
			path = WhisperType;
			sourceTree = "<group>";
		};
		A1000014000000000000001 /* Libraries */ = {
			isa = PBXGroup;
			children = (
			);
			path = Libraries;
			sourceTree = "<group>";
		};
		A1000015000000000000001 /* Frameworks */ = {
			isa = PBXGroup;
			children = (
				A1000006000000000000001 /* Accelerate.framework */,
				A1000073000000000000001 /* Metal.framework */,
				A1000081000000000000001 /* libwhisper.a */,
				A1000083000000000000001 /* libggml.a */,
				A1000085000000000000001 /* libggml-base.a */,
				A1000087000000000000001 /* libggml-cpu.a */,
				A1000089000000000000001 /* libggml-metal.a */,
				A1000091000000000000001 /* libggml-blas.a */,
			);
			name = Frameworks;
			sourceTree = "<group>";
		};
		A1000016000000000000001 /* Products */ = {
			isa = PBXGroup;
			children = (
				A1000007000000000000001 /* WhisperType.app */,
				7BBD25602F0E041A001B3B5A /* WhisperTypeTests.xctest */,
			);
			name = Products;
			sourceTree = "<group>";
		};
		A1000017000000000000001 /* App */ = {
			isa = PBXGroup;
			children = (
				A1000002000000000000001 /* WhisperTypeApp.swift */,
				A1000051000000000000001 /* AppDelegate.swift */,
				A1000053000000000000001 /* AppCoordinator.swift */,
			);
			path = App;
			sourceTree = "<group>";
		};
		A1000018000000000000001 /* Models */ = {
			isa = PBXGroup;
			children = (
				G1400002000000000000001 /* AppInfo.swift */,
				G1400004000000000000001 /* AppPreset.swift */,
				G1400006000000000000001 /* AppRule.swift */,
				A1000055000000000000001 /* AppSettings.swift */,
				B1300002000000000000001 /* SupportedLanguage.swift */,
				F1300002000000000000001 /* VocabularyEntry.swift */,
				A1000057000000000000001 /* WhisperModel.swift */,
				A1000059000000000000001 /* TranscriptionResult.swift */,
			);
			path = Models;
			sourceTree = "<group>";
		};
		A1000019000000000000001 /* Managers */ = {
			isa = PBXGroup;
			children = (
				G1400012000000000000001 /* AppAwareManager.swift */,
				7B73EFC92EDD989E0062E68C /* AudioRecorder.swift */,
				A1000094000000000000001 /* HotkeyManager.swift */,
				D1200014000000000000001 /* KeychainManager.swift */,
				7B73EFC12EDD944D0062E68C /* ModelManager.swift */,
				A1000092000000000000001 /* TextInjector.swift */,
				F1300006000000000000001 /* VocabularyManager.swift */,
				F1300004000000000000001 /* VocabularyStorage.swift */,
				A1000071000000000000001 /* WhisperWrapper.swift */,
			);
			path = Managers;
			sourceTree = "<group>";
		};
		A1000020000000000000001 /* Views */ = {
			isa = PBXGroup;
			children = (
				A1000024000000000000001 /* MenuBar */,
				B1200003000000000000001 /* Recording */,
				A1000025000000000000001 /* Settings */,
				A1000026000000000000001 /* Components */,
			);
			path = Views;
			sourceTree = "<group>";
		};
		A1000021000000000000001 /* Utilities */ = {
			isa = PBXGroup;
			children = (
				A1000061000000000000001 /* Constants.swift */,
				A1000063000000000000001 /* Permissions.swift */,
			);
			path = Utilities;
			sourceTree = "<group>";
		};
		A1000022000000000000001 /* Bridging */ = {
			isa = PBXGroup;
			children = (
				A1000009000000000000001 /* WhisperType-Bridging-Header.h */,
			);
			path = Bridging;
			sourceTree = "<group>";
		};
		A1000023000000000000001 /* Resources */ = {
			isa = PBXGroup;
			children = (
				A1000004000000000000001 /* Assets.xcassets */,
			);
			path = Resources;
			sourceTree = "<group>";
		};
		A1000024000000000000001 /* MenuBar */ = {
			isa = PBXGroup;
			children = (
				A7000002000000000000001 /* MenuBarView.swift */,
			);
			path = MenuBar;
			sourceTree = "<group>";
		};
		A1000025000000000000001 /* Settings */ = {
			isa = PBXGroup;
			children = (
				G1400016000000000000001 /* AddAppSheet.swift */,
				G1400014000000000000001 /* AppRulesSettingsView.swift */,
				A8000002000000000000001 /* SettingsContainerView.swift */,
				A8000004000000000000001 /* GeneralSettingsView.swift */,
				C1200016000000000000001 /* ProcessingSettingsView.swift */,
				A8000006000000000000001 /* HotkeySettingsView.swift */,
				7B73EFC52EDD947C0062E68C /* ModelSettingsView.swift */,
				F1300010000000000000001 /* VocabularySettingsView.swift */,
				F1300012000000000000001 /* VocabularyEntryRow.swift */,
				F1300014000000000000001 /* VocabularyEntryEditorView.swift */,
			);
			path = Settings;
			sourceTree = "<group>";
		};
		A1000026000000000000001 /* Components */ = {
			isa = PBXGroup;
			children = (
				7B73EFC32EDD946C0062E68C /* ModelRowView.swift */,
				E1200002000000000000001 /* ToastNotificationWindow.swift */,
			);
			path = Components;
			sourceTree = "<group>";
		};
		A1000101000000000000001 /* Config */ = {
			isa = PBXGroup;
			children = (
				A1000100000000000000001 /* WhisperType.xcconfig */,
			);
			path = Config;
			sourceTree = "<group>";
		};
		B1200003000000000000001 /* Recording */ = {
			isa = PBXGroup;
			children = (
				B1200002000000000000001 /* WaveformView.swift */,
				B1200005000000000000001 /* RecordingOverlayWindow.swift */,
				B1200007000000000000001 /* RecordingOverlayContentView.swift */,
			);
			path = Recording;
			sourceTree = "<group>";
		};
		C1200017000000000000001 /* Processing */ = {
			isa = PBXGroup;
			children = (
				G1400008000000000000001 /* ContextDetector.swift */,
				G1400010000000000000001 /* DefaultAppPresets.swift */,
				C1200002000000000000001 /* ProcessingMode.swift */,
				C1200004000000000000001 /* LLMPreference.swift */,
				C1200006000000000000001 /* FillerRemover.swift */,
				C1200008000000000000001 /* FormattingRules.swift */,
				C1200010000000000000001 /* LLMEngineProtocol.swift */,
				C1200014000000000000001 /* PostProcessor.swift */,
				D1200002000000000000001 /* LLMProvider.swift */,
				D1200004000000000000001 /* PromptBuilder.swift */,
				D1200006000000000000001 /* OllamaProvider.swift */,
				D1200008000000000000001 /* OllamaModelManager.swift */,
				D1200010000000000000001 /* CloudProvider.swift */,
				D1200012000000000000001 /* LLMEngine.swift */,
				F1300008000000000000001 /* VocabularyCorrector.swift */,
			);
			path = Processing;
			sourceTree = "<group>";
		};
		D640C222C1186F6CA98984BA /* Export */ = {
			isa = PBXGroup;
			children = (
				C7CE712A25E84AD3FEE2DD39 /* MeetingExporter.swift */,
			);
			name = Export;
			sourceTree = "<group>";
		};
/* End PBXGroup section */

/* Begin PBXNativeTarget section */
		7BBD255F2F0E041A001B3B5A /* WhisperTypeTests */ = {
			isa = PBXNativeTarget;
			buildConfigurationList = 7BBD25682F0E041A001B3B5A /* Build configuration list for PBXNativeTarget "WhisperTypeTests" */;
			buildPhases = (
				7BBD255C2F0E041A001B3B5A /* Sources */,
				7BBD255D2F0E041A001B3B5A /* Frameworks */,
				7BBD255E2F0E041A001B3B5A /* Resources */,
			);
			buildRules = (
			);
			dependencies = (
				7BBD25652F0E041A001B3B5A /* PBXTargetDependency */,
			);
			fileSystemSynchronizedGroups = (
				7BBD25612F0E041A001B3B5A /* WhisperTypeTests */,
			);
			name = WhisperTypeTests;
			productName = WhisperTypeTests;
			productReference = 7BBD25602F0E041A001B3B5A /* WhisperTypeTests.xctest */;
			productType = "com.apple.product-type.bundle.unit-test";
		};
		A1000027000000000000001 /* WhisperType */ = {
			isa = PBXNativeTarget;
			buildConfigurationList = A1000028000000000000001 /* Build configuration list for PBXNativeTarget "WhisperType" */;
			buildPhases = (
				A1000029000000000000001 /* Sources */,
				A1000011000000000000001 /* Frameworks */,
				A1000030000000000000001 /* Resources */,
			);
			buildRules = (
			);
			dependencies = (
			);
			name = WhisperType;
			productName = WhisperType;
			productReference = A1000007000000000000001 /* WhisperType.app */;
			productType = "com.apple.product-type.application";
		};
/* End PBXNativeTarget section */

/* Begin PBXProject section */
		A1000031000000000000001 /* Project object */ = {
			isa = PBXProject;
			attributes = {
				BuildIndependentTargetsInParallel = 1;
				LastSwiftUpdateCheck = 2610;
				LastUpgradeCheck = 1500;
				TargetAttributes = {
					7BBD255F2F0E041A001B3B5A = {
						CreatedOnToolsVersion = 26.1.1;
						TestTargetID = A1000027000000000000001;
					};
					A1000027000000000000001 = {
						CreatedOnToolsVersion = 15.0;
					};
				};
			};
			buildConfigurationList = A1000032000000000000001 /* Build configuration list for PBXProject "WhisperType" */;
			compatibilityVersion = "Xcode 14.0";
			developmentRegion = en;
			hasScannedForEncodings = 0;
			knownRegions = (
				en,
				Base,
			);
			mainGroup = A1000012000000000000001;
			packageReferences = (
				7B73EFCD2EDDD9D10062E68C /* XCRemoteSwiftPackageReference "HotKey" */,
			);
			productRefGroup = A1000016000000000000001 /* Products */;
			projectDirPath = "";
			projectRoot = "";
			targets = (
				A1000027000000000000001 /* WhisperType */,
				7BBD255F2F0E041A001B3B5A /* WhisperTypeTests */,
			);
		};
/* End PBXProject section */

/* Begin PBXResourcesBuildPhase section */
		7BBD255E2F0E041A001B3B5A /* Resources */ = {
			isa = PBXResourcesBuildPhase;
			buildActionMask = 2147483647;
			files = (
			);
			runOnlyForDeploymentPostprocessing = 0;
		};
		A1000030000000000000001 /* Resources */ = {
			isa = PBXResourcesBuildPhase;
			buildActionMask = 2147483647;
			files = (
				A1000003000000000000001 /* Assets.xcassets in Resources */,
			);
			runOnlyForDeploymentPostprocessing = 0;
		};
/* End PBXResourcesBuildPhase section */

/* Begin PBXSourcesBuildPhase section */
		7BBD255C2F0E041A001B3B5A /* Sources */ = {
			isa = PBXSourcesBuildPhase;
			buildActionMask = 2147483647;
			files = (
			);
			runOnlyForDeploymentPostprocessing = 0;
		};
		A1000029000000000000001 /* Sources */ = {
			isa = PBXSourcesBuildPhase;
			buildActionMask = 2147483647;
			files = (
				A1000001000000000000001 /* WhisperTypeApp.swift in Sources */,
				A1000050000000000000001 /* AppDelegate.swift in Sources */,
				A1000052000000000000001 /* AppCoordinator.swift in Sources */,
				A1000054000000000000001 /* AppSettings.swift in Sources */,
				B1300001000000000000001 /* SupportedLanguage.swift in Sources */,
				A1000056000000000000001 /* WhisperModel.swift in Sources */,
				A1000058000000000000001 /* TranscriptionResult.swift in Sources */,
				7BBD25B72F0E3D2E001B3B5A /* LiveSubtitleWindow.swift in Sources */,
				7BBD25B82F0E3D2E001B3B5A /* PermissionStatusView.swift in Sources */,
				7BBD25B92F0E3D2E001B3B5A /* SubtitleEntryView.swift in Sources */,
				7BBD25BA2F0E3D2E001B3B5A /* LiveSubtitleView.swift in Sources */,
				A1000060000000000000001 /* Constants.swift in Sources */,
				A1000062000000000000001 /* Permissions.swift in Sources */,
				A1000070000000000000001 /* WhisperWrapper.swift in Sources */,
				A1000093000000000000001 /* TextInjector.swift in Sources */,
				A1000095000000000000001 /* HotkeyManager.swift in Sources */,
				7B73EFC22EDD944D0062E68C /* ModelManager.swift in Sources */,
				7B73EFC42EDD946C0062E68C /* ModelRowView.swift in Sources */,
				7BBD25BE2F0E3D5F001B3B5A /* PartialTranscriptStore.swift in Sources */,
				7BBD25BF2F0E3D5F001B3B5A /* WERCalculator.swift in Sources */,
				7BBD25C02F0E3D5F001B3B5A /* LatencyMeasurement.swift in Sources */,
				7B73EFC62EDD947C0062E68C /* ModelSettingsView.swift in Sources */,
				A8000001000000000000001 /* SettingsContainerView.swift in Sources */,
				A8000003000000000000001 /* GeneralSettingsView.swift in Sources */,
				A8000005000000000000001 /* HotkeySettingsView.swift in Sources */,
				7B73EFCA2EDD989E0062E68C /* AudioRecorder.swift in Sources */,
				A7000001000000000000001 /* MenuBarView.swift in Sources */,
				B1200001000000000000001 /* WaveformView.swift in Sources */,
				B1200004000000000000001 /* RecordingOverlayWindow.swift in Sources */,
				B1200006000000000000001 /* RecordingOverlayContentView.swift in Sources */,
				7BBD25962F0E0687001B3B5A /* SystemAudioCapture.swift in Sources */,
				7BBD25972F0E0687001B3B5A /* WAVValidator.swift in Sources */,
				7BBD25982F0E0687001B3B5A /* AudioLevel.swift in Sources */,
				7BBD25992F0E0687001B3B5A /* ChunkedDiskWriter.swift in Sources */,
				7BBD259A2F0E0687001B3B5A /* MeetingCoordinator.swift in Sources */,
				7BBD259B2F0E0687001B3B5A /* AudioQualityValidator.swift in Sources */,
				7BBD259C2F0E0687001B3B5A /* MeetingSession.swift in Sources */,
				7BBD259D2F0E0687001B3B5A /* AudioStreamBus.swift in Sources */,
				7BBD259E2F0E0687001B3B5A /* AudioChunk.swift in Sources */,
				7BBD259F2F0E0687001B3B5A /* MeetingRecorder.swift in Sources */,
				7BBD25A02F0E0687001B3B5A /* AudioMixer.swift in Sources */,
				C1200001000000000000001 /* ProcessingMode.swift in Sources */,
				C1200003000000000000001 /* LLMPreference.swift in Sources */,
				C1200005000000000000001 /* FillerRemover.swift in Sources */,
				C1200007000000000000001 /* FormattingRules.swift in Sources */,
				C1200009000000000000001 /* LLMEngineProtocol.swift in Sources */,
				C1200013000000000000001 /* PostProcessor.swift in Sources */,
				C1200015000000000000001 /* ProcessingSettingsView.swift in Sources */,
				D1200001000000000000001 /* LLMProvider.swift in Sources */,
				D1200003000000000000001 /* PromptBuilder.swift in Sources */,
				D1200005000000000000001 /* OllamaProvider.swift in Sources */,
				D1200007000000000000001 /* OllamaModelManager.swift in Sources */,
				D1200009000000000000001 /* CloudProvider.swift in Sources */,
				D1200011000000000000001 /* LLMEngine.swift in Sources */,
				D1200013000000000000001 /* KeychainManager.swift in Sources */,
				E1200001000000000000001 /* ToastNotificationWindow.swift in Sources */,
				F1300001000000000000001 /* VocabularyEntry.swift in Sources */,
				F1300003000000000000001 /* VocabularyStorage.swift in Sources */,
				F1300005000000000000001 /* VocabularyManager.swift in Sources */,
				F1300007000000000000001 /* VocabularyCorrector.swift in Sources */,
				F1300009000000000000001 /* VocabularySettingsView.swift in Sources */,
				F1300011000000000000001 /* VocabularyEntryRow.swift in Sources */,
				F1300013000000000000001 /* VocabularyEntryEditorView.swift in Sources */,
				G1400001000000000000001 /* AppInfo.swift in Sources */,
				G1400003000000000000001 /* AppPreset.swift in Sources */,
				G1400005000000000000001 /* AppRule.swift in Sources */,
				7B0072E32F1CEA4600D01584 /* TranscriptResultWindow.swift in Sources */,
				G1400007000000000000001 /* ContextDetector.swift in Sources */,
				G1400009000000000000001 /* DefaultAppPresets.swift in Sources */,
				G1400011000000000000001 /* AppAwareManager.swift in Sources */,
				G1400013000000000000001 /* AppRulesSettingsView.swift in Sources */,
				7BBD25B02F0E3D16001B3B5A /* StreamingWhisperProcessor.swift in Sources */,
				7BBD25B12F0E3D16001B3B5A /* TranscriptUpdate.swift in Sources */,
				G1400015000000000000001 /* AddAppSheet.swift in Sources */,
				7B0072E52F1CF97E00D01584 /* ProcessingIndicatorWindow.swift in Sources */,
				13BB0F2E41D6C189F3A1DFEC /* ActionItemExtractor.swift in Sources */,
				5982D2A68B8E47B9D3CA129A /* MeetingSummarizer.swift in Sources */,
				C8F0942CBF512E34D694B3EC /* SummaryTemplateStore.swift in Sources */,
				365B1CAC1E16210254CB5DA3 /* SummaryValidator.swift in Sources */,
				C587889EFCB90DA33492FC42 /* ActionItem.swift in Sources */,
				45AEEB78D285C9AEB70EEC48 /* SummaryTemplate.swift in Sources */,
				6BB38A88BA91289A6459387D /* TemplateEditorView.swift in Sources */,
				CB8852D400592E31B85FDFC1 /* TemplateListView.swift in Sources */,
				2A4F92F72A879816076F778E /* MeetingDatabase.swift in Sources */,
				25D747FDCBBA9AE071924E8A /* MeetingFileManager.swift in Sources */,
				BAEB6E67F99A76331AAD74EB /* MeetingExporter.swift in Sources */,
				AE7AE289AA499883557C7E32 /* MeetingHistoryView.swift in Sources */,
				161B017FDECF67B09F6F2545 /* MeetingDetailView.swift in Sources */,
				B20E461CBA544E7D72818846 /* StorageManagementView.swift in Sources */,
			);
			runOnlyForDeploymentPostprocessing = 0;
		};
/* End PBXSourcesBuildPhase section */

/* Begin PBXTargetDependency section */
		7BBD25652F0E041A001B3B5A /* PBXTargetDependency */ = {
			isa = PBXTargetDependency;
			target = A1000027000000000000001 /* WhisperType */;
			targetProxy = 7BBD25642F0E041A001B3B5A /* PBXContainerItemProxy */;
		};
/* End PBXTargetDependency section */

/* Begin XCBuildConfiguration section */
		7BBD25662F0E041A001B3B5A /* Debug */ = {
			isa = XCBuildConfiguration;
			buildSettings = {
				BUNDLE_LOADER = "$(TEST_HOST)";
				CLANG_CXX_LANGUAGE_STANDARD = "gnu++20";
				CODE_SIGN_STYLE = Automatic;
				CURRENT_PROJECT_VERSION = 1;
				GENERATE_INFOPLIST_FILE = YES;
				"HEADER_SEARCH_PATHS[arch=*]" = "$(SRCROOT)/Libraries/whisper-built/include";
				LOCALIZATION_PREFERS_STRING_CATALOGS = YES;
				MACOSX_DEPLOYMENT_TARGET = 26.1;
				MARKETING_VERSION = 1.0;
				PRODUCT_BUNDLE_IDENTIFIER = com.whispertype.WhisperTypeTests;
				PRODUCT_NAME = "$(TARGET_NAME)";
				STRING_CATALOG_GENERATE_SYMBOLS = NO;
				SWIFT_APPROACHABLE_CONCURRENCY = YES;
				SWIFT_EMIT_LOC_STRINGS = NO;
				SWIFT_UPCOMING_FEATURE_MEMBER_IMPORT_VISIBILITY = YES;
				SWIFT_VERSION = 5.0;
				TEST_HOST = "$(BUILT_PRODUCTS_DIR)/WhisperType.app/$(BUNDLE_EXECUTABLE_FOLDER_PATH)/WhisperType";
			};
			name = Debug;
		};
		7BBD25672F0E041A001B3B5A /* Release */ = {
			isa = XCBuildConfiguration;
			buildSettings = {
				BUNDLE_LOADER = "$(TEST_HOST)";
				CLANG_CXX_LANGUAGE_STANDARD = "gnu++20";
				CODE_SIGN_STYLE = Automatic;
				CURRENT_PROJECT_VERSION = 1;
				GENERATE_INFOPLIST_FILE = YES;
				"HEADER_SEARCH_PATHS[arch=*]" = "$(SRCROOT)/Libraries/whisper-built/include";
				LOCALIZATION_PREFERS_STRING_CATALOGS = YES;
				MACOSX_DEPLOYMENT_TARGET = 26.1;
				MARKETING_VERSION = 1.0;
				PRODUCT_BUNDLE_IDENTIFIER = com.whispertype.WhisperTypeTests;
				PRODUCT_NAME = "$(TARGET_NAME)";
				STRING_CATALOG_GENERATE_SYMBOLS = NO;
				SWIFT_APPROACHABLE_CONCURRENCY = YES;
				SWIFT_EMIT_LOC_STRINGS = NO;
				SWIFT_UPCOMING_FEATURE_MEMBER_IMPORT_VISIBILITY = YES;
				SWIFT_VERSION = 5.0;
				TEST_HOST = "$(BUILT_PRODUCTS_DIR)/WhisperType.app/$(BUNDLE_EXECUTABLE_FOLDER_PATH)/WhisperType";
			};
			name = Release;
		};
		A1000033000000000000001 /* Debug */ = {
			isa = XCBuildConfiguration;
			buildSettings = {
				ALWAYS_SEARCH_USER_PATHS = NO;
				ASSETCATALOG_COMPILER_GENERATE_SWIFT_ASSET_SYMBOL_EXTENSIONS = YES;
				CLANG_ANALYZER_NONNULL = YES;
				CLANG_ANALYZER_NUMBER_OBJECT_CONVERSION = YES_AGGRESSIVE;
				CLANG_CXX_LANGUAGE_STANDARD = "c++17";
				CLANG_CXX_LIBRARY = "libc++";
				CLANG_ENABLE_MODULES = YES;
				CLANG_ENABLE_OBJC_ARC = YES;
				CLANG_ENABLE_OBJC_WEAK = YES;
				CLANG_WARN_BLOCK_CAPTURE_AUTORELEASING = YES;
				CLANG_WARN_BOOL_CONVERSION = YES;
				CLANG_WARN_COMMA = YES;
				CLANG_WARN_CONSTANT_CONVERSION = YES;
				CLANG_WARN_DEPRECATED_OBJC_IMPLEMENTATIONS = YES;
				CLANG_WARN_DIRECT_OBJC_ISA_USAGE = YES_ERROR;
				CLANG_WARN_DOCUMENTATION_COMMENTS = YES;
				CLANG_WARN_EMPTY_BODY = YES;
				CLANG_WARN_ENUM_CONVERSION = YES;
				CLANG_WARN_INFINITE_RECURSION = YES;
				CLANG_WARN_INT_CONVERSION = YES;
				CLANG_WARN_NON_LITERAL_NULL_CONVERSION = YES;
				CLANG_WARN_OBJC_IMPLICIT_RETAIN_SELF = YES;
				CLANG_WARN_OBJC_LITERAL_CONVERSION = YES;
				CLANG_WARN_OBJC_ROOT_CLASS = YES_ERROR;
				CLANG_WARN_QUOTED_INCLUDE_IN_FRAMEWORK_HEADER = YES;
				CLANG_WARN_RANGE_LOOP_ANALYSIS = YES;
				CLANG_WARN_STRICT_PROTOTYPES = YES;
				CLANG_WARN_SUSPICIOUS_MOVE = YES;
				CLANG_WARN_UNGUARDED_AVAILABILITY = YES_AGGRESSIVE;
				CLANG_WARN_UNREACHABLE_CODE = YES;
				CLANG_WARN__DUPLICATE_METHOD_MATCH = YES;
				COPY_PHASE_STRIP = NO;
				DEBUG_INFORMATION_FORMAT = dwarf;
				ENABLE_STRICT_OBJC_MSGSEND = YES;
				ENABLE_TESTABILITY = YES;
				ENABLE_USER_SCRIPT_SANDBOXING = YES;
				GCC_C_LANGUAGE_STANDARD = gnu17;
				GCC_DYNAMIC_NO_PIC = NO;
				GCC_NO_COMMON_BLOCKS = YES;
				GCC_OPTIMIZATION_LEVEL = 0;
				GCC_PREPROCESSOR_DEFINITIONS = (
					"DEBUG=1",
					"$(inherited)",
				);
				GCC_WARN_64_TO_32_BIT_CONVERSION = YES;
				GCC_WARN_ABOUT_RETURN_TYPE = YES_ERROR;
				GCC_WARN_UNDECLARED_SELECTOR = YES;
				GCC_WARN_UNINITIALIZED_AUTOS = YES_AGGRESSIVE;
				GCC_WARN_UNUSED_FUNCTION = YES;
				GCC_WARN_UNUSED_VARIABLE = YES;
				MACOSX_DEPLOYMENT_TARGET = 13.0;
				MTL_ENABLE_DEBUG_INFO = INCLUDE_SOURCE;
				MTL_FAST_MATH = YES;
				ONLY_ACTIVE_ARCH = YES;
				SDKROOT = macosx;
				SWIFT_ACTIVE_COMPILATION_CONDITIONS = "DEBUG $(inherited)";
				SWIFT_OPTIMIZATION_LEVEL = "-Onone";
			};
			name = Debug;
		};
		A1000034000000000000001 /* Release */ = {
			isa = XCBuildConfiguration;
			buildSettings = {
				ALWAYS_SEARCH_USER_PATHS = NO;
				ASSETCATALOG_COMPILER_GENERATE_SWIFT_ASSET_SYMBOL_EXTENSIONS = YES;
				CLANG_ANALYZER_NONNULL = YES;
				CLANG_ANALYZER_NUMBER_OBJECT_CONVERSION = YES_AGGRESSIVE;
				CLANG_CXX_LANGUAGE_STANDARD = "c++17";
				CLANG_CXX_LIBRARY = "libc++";
				CLANG_ENABLE_MODULES = YES;
				CLANG_ENABLE_OBJC_ARC = YES;
				CLANG_ENABLE_OBJC_WEAK = YES;
				CLANG_WARN_BLOCK_CAPTURE_AUTORELEASING = YES;
				CLANG_WARN_BOOL_CONVERSION = YES;
				CLANG_WARN_COMMA = YES;
				CLANG_WARN_CONSTANT_CONVERSION = YES;
				CLANG_WARN_DEPRECATED_OBJC_IMPLEMENTATIONS = YES;
				CLANG_WARN_DIRECT_OBJC_ISA_USAGE = YES_ERROR;
				CLANG_WARN_DOCUMENTATION_COMMENTS = YES;
				CLANG_WARN_EMPTY_BODY = YES;
				CLANG_WARN_ENUM_CONVERSION = YES;
				CLANG_WARN_INFINITE_RECURSION = YES;
				CLANG_WARN_INT_CONVERSION = YES;
				CLANG_WARN_NON_LITERAL_NULL_CONVERSION = YES;
				CLANG_WARN_OBJC_IMPLICIT_RETAIN_SELF = YES;
				CLANG_WARN_OBJC_LITERAL_CONVERSION = YES;
				CLANG_WARN_OBJC_ROOT_CLASS = YES_ERROR;
				CLANG_WARN_QUOTED_INCLUDE_IN_FRAMEWORK_HEADER = YES;
				CLANG_WARN_RANGE_LOOP_ANALYSIS = YES;
				CLANG_WARN_STRICT_PROTOTYPES = YES;
				CLANG_WARN_SUSPICIOUS_MOVE = YES;
				CLANG_WARN_UNGUARDED_AVAILABILITY = YES_AGGRESSIVE;
				CLANG_WARN_UNREACHABLE_CODE = YES;
				CLANG_WARN__DUPLICATE_METHOD_MATCH = YES;
				COPY_PHASE_STRIP = NO;
				DEBUG_INFORMATION_FORMAT = "dwarf-with-dsym";
				ENABLE_NS_ASSERTIONS = NO;
				ENABLE_STRICT_OBJC_MSGSEND = YES;
				ENABLE_USER_SCRIPT_SANDBOXING = YES;
				GCC_C_LANGUAGE_STANDARD = gnu17;
				GCC_NO_COMMON_BLOCKS = YES;
				GCC_WARN_64_TO_32_BIT_CONVERSION = YES;
				GCC_WARN_ABOUT_RETURN_TYPE = YES_ERROR;
				GCC_WARN_UNDECLARED_SELECTOR = YES;
				GCC_WARN_UNINITIALIZED_AUTOS = YES_AGGRESSIVE;
				GCC_WARN_UNUSED_FUNCTION = YES;
				GCC_WARN_UNUSED_VARIABLE = YES;
				MACOSX_DEPLOYMENT_TARGET = 13.0;
				MTL_ENABLE_DEBUG_INFO = NO;
				MTL_FAST_MATH = YES;
				SDKROOT = macosx;
				SWIFT_COMPILATION_MODE = wholemodule;
			};
			name = Release;
		};
		A1000035000000000000001 /* Debug */ = {
			isa = XCBuildConfiguration;
			buildSettings = {
				ASSETCATALOG_COMPILER_APPICON_NAME = AppIcon;
				ASSETCATALOG_COMPILER_GLOBAL_ACCENT_COLOR_NAME = AccentColor;
				CODE_SIGN_ENTITLEMENTS = WhisperType/WhisperType.entitlements;
				CODE_SIGN_IDENTITY = "-";
				CODE_SIGN_STYLE = Manual;
				COMBINE_HIDPI_IMAGES = YES;
				CURRENT_PROJECT_VERSION = 3;
				DEVELOPMENT_TEAM = "";
				ENABLE_HARDENED_RUNTIME = NO;
				GENERATE_INFOPLIST_FILE = YES;
				HEADER_SEARCH_PATHS = (
					"$(inherited)",
					"$(SRCROOT)/Libraries/whisper-built/include",
				);
				INFOPLIST_FILE = WhisperType/Info.plist;
				INFOPLIST_KEY_CFBundleDisplayName = WhisperType;
				INFOPLIST_KEY_LSApplicationCategoryType = "public.app-category.utilities";
				INFOPLIST_KEY_LSUIElement = YES;
				INFOPLIST_KEY_NSMicrophoneUsageDescription = "WhisperType needs microphone access to record your voice for transcription.";
				LD_RUNPATH_SEARCH_PATHS = (
					"$(inherited)",
					"@executable_path/../Frameworks",
				);
				LIBRARY_SEARCH_PATHS = (
					"$(inherited)",
					"$(SRCROOT)/Libraries/whisper-built/lib",
				);
				MARKETING_VERSION = 1.2.0;
				OTHER_LDFLAGS = (
					"$(inherited)",
					"-lc++",
				);
				PRODUCT_BUNDLE_IDENTIFIER = com.whispertype.app;
				PRODUCT_NAME = "$(TARGET_NAME)";
				SWIFT_EMIT_LOC_STRINGS = YES;
				SWIFT_OBJC_BRIDGING_HEADER = "WhisperType/Bridging/WhisperType-Bridging-Header.h";
				SWIFT_VERSION = 5.0;
			};
			name = Debug;
		};
		A1000036000000000000001 /* Release */ = {
			isa = XCBuildConfiguration;
			buildSettings = {
				ASSETCATALOG_COMPILER_APPICON_NAME = AppIcon;
				ASSETCATALOG_COMPILER_GLOBAL_ACCENT_COLOR_NAME = AccentColor;
				CODE_SIGN_ENTITLEMENTS = WhisperType/WhisperType.entitlements;
				CODE_SIGN_IDENTITY = "-";
				CODE_SIGN_STYLE = Manual;
				COMBINE_HIDPI_IMAGES = YES;
				CURRENT_PROJECT_VERSION = 3;
				DEVELOPMENT_TEAM = "";
				ENABLE_HARDENED_RUNTIME = NO;
				GENERATE_INFOPLIST_FILE = YES;
				HEADER_SEARCH_PATHS = (
					"$(inherited)",
					"$(SRCROOT)/Libraries/whisper-built/include",
				);
				INFOPLIST_FILE = WhisperType/Info.plist;
				INFOPLIST_KEY_CFBundleDisplayName = WhisperType;
				INFOPLIST_KEY_LSApplicationCategoryType = "public.app-category.utilities";
				INFOPLIST_KEY_LSUIElement = YES;
				INFOPLIST_KEY_NSMicrophoneUsageDescription = "WhisperType needs microphone access to record your voice for transcription.";
				LD_RUNPATH_SEARCH_PATHS = (
					"$(inherited)",
					"@executable_path/../Frameworks",
				);
				LIBRARY_SEARCH_PATHS = (
					"$(inherited)",
					"$(SRCROOT)/Libraries/whisper-built/lib",
				);
				MARKETING_VERSION = 1.2.0;
				OTHER_LDFLAGS = (
					"$(inherited)",
					"-lc++",
				);
				PRODUCT_BUNDLE_IDENTIFIER = com.whispertype.app;
				PRODUCT_NAME = "$(TARGET_NAME)";
				SWIFT_EMIT_LOC_STRINGS = YES;
				SWIFT_OBJC_BRIDGING_HEADER = "WhisperType/Bridging/WhisperType-Bridging-Header.h";
				SWIFT_OPTIMIZATION_LEVEL = "-O";
				SWIFT_VERSION = 5.0;
			};
			name = Release;
		};
/* End XCBuildConfiguration section */

/* Begin XCConfigurationList section */
		7BBD25682F0E041A001B3B5A /* Build configuration list for PBXNativeTarget "WhisperTypeTests" */ = {
			isa = XCConfigurationList;
			buildConfigurations = (
				7BBD25662F0E041A001B3B5A /* Debug */,
				7BBD25672F0E041A001B3B5A /* Release */,
			);
			defaultConfigurationIsVisible = 0;
			defaultConfigurationName = Release;
		};
		A1000028000000000000001 /* Build configuration list for PBXNativeTarget "WhisperType" */ = {
			isa = XCConfigurationList;
			buildConfigurations = (
				A1000035000000000000001 /* Debug */,
				A1000036000000000000001 /* Release */,
			);
			defaultConfigurationIsVisible = 0;
			defaultConfigurationName = Release;
		};
		A1000032000000000000001 /* Build configuration list for PBXProject "WhisperType" */ = {
			isa = XCConfigurationList;
			buildConfigurations = (
				A1000033000000000000001 /* Debug */,
				A1000034000000000000001 /* Release */,
			);
			defaultConfigurationIsVisible = 0;
			defaultConfigurationName = Release;
		};
/* End XCConfigurationList section */

/* Begin XCRemoteSwiftPackageReference section */
		7B73EFCD2EDDD9D10062E68C /* XCRemoteSwiftPackageReference "HotKey" */ = {
			isa = XCRemoteSwiftPackageReference;
			repositoryURL = "https://github.com/soffes/HotKey";
			requirement = {
				branch = main;
				kind = branch;
			};
		};
/* End XCRemoteSwiftPackageReference section */

/* Begin XCSwiftPackageProductDependency section */
		7B73EFCE2EDDD9D10062E68C /* HotKey */ = {
			isa = XCSwiftPackageProductDependency;
			package = 7B73EFCD2EDDD9D10062E68C /* XCRemoteSwiftPackageReference "HotKey" */;
			productName = HotKey;
		};
/* End XCSwiftPackageProductDependency section */
	};
	rootObject = A1000031000000000000001 /* Project object */;
}
