// !$*UTF8*$!
{
	archiveVersion = 1;
	classes = {
	};
	objectVersion = 56;
	objects = {

/* Begin PBXBuildFile section */
		7B73EFC22EDD944D0062E68C /* ModelManager.swift in Sources */ = {isa = PBXBuildFile; fileRef = 7B73EFC12EDD944D0062E68C /* ModelManager.swift */; };
		7B73EFC42EDD946C0062E68C /* ModelRowView.swift in Sources */ = {isa = PBXBuildFile; fileRef = 7B73EFC32EDD946C0062E68C /* ModelRowView.swift */; };
		7B73EFC62EDD947C0062E68C /* ModelSettingsView.swift in Sources */ = {isa = PBXBuildFile; fileRef = 7B73EFC52EDD947C0062E68C /* ModelSettingsView.swift */; };
		A8000001000000000000001 /* SettingsContainerView.swift in Sources */ = {isa = PBXBuildFile; fileRef = A8000002000000000000001 /* SettingsContainerView.swift */; };
		A8000003000000000000001 /* GeneralSettingsView.swift in Sources */ = {isa = PBXBuildFile; fileRef = A8000004000000000000001 /* GeneralSettingsView.swift */; };
		A8000005000000000000001 /* HotkeySettingsView.swift in Sources */ = {isa = PBXBuildFile; fileRef = A8000006000000000000001 /* HotkeySettingsView.swift */; };
		7B73EFCA2EDD989E0062E68C /* AudioRecorder.swift in Sources */ = {isa = PBXBuildFile; fileRef = 7B73EFC92EDD989E0062E68C /* AudioRecorder.swift */; };
		7B73EFCF2EDDD9D10062E68C /* HotKey in Frameworks */ = {isa = PBXBuildFile; productRef = 7B73EFCE2EDDD9D10062E68C /* HotKey */; };
		A7000001000000000000001 /* MenuBarView.swift in Sources */ = {isa = PBXBuildFile; fileRef = A7000002000000000000001 /* MenuBarView.swift */; };
		A1000001000000000000001 /* WhisperTypeApp.swift in Sources */ = {isa = PBXBuildFile; fileRef = A1000002000000000000001 /* WhisperTypeApp.swift */; };
		A1000003000000000000001 /* Assets.xcassets in Resources */ = {isa = PBXBuildFile; fileRef = A1000004000000000000001 /* Assets.xcassets */; };
		A1000005000000000000001 /* Accelerate.framework in Frameworks */ = {isa = PBXBuildFile; fileRef = A1000006000000000000001 /* Accelerate.framework */; };
		A1000050000000000000001 /* AppDelegate.swift in Sources */ = {isa = PBXBuildFile; fileRef = A1000051000000000000001 /* AppDelegate.swift */; };
		A1000052000000000000001 /* AppCoordinator.swift in Sources */ = {isa = PBXBuildFile; fileRef = A1000053000000000000001 /* AppCoordinator.swift */; };
		A1000054000000000000001 /* AppSettings.swift in Sources */ = {isa = PBXBuildFile; fileRef = A1000055000000000000001 /* AppSettings.swift */; };
		A1000056000000000000001 /* WhisperModel.swift in Sources */ = {isa = PBXBuildFile; fileRef = A1000057000000000000001 /* WhisperModel.swift */; };
		A1000058000000000000001 /* TranscriptionResult.swift in Sources */ = {isa = PBXBuildFile; fileRef = A1000059000000000000001 /* TranscriptionResult.swift */; };
		A1000060000000000000001 /* Constants.swift in Sources */ = {isa = PBXBuildFile; fileRef = A1000061000000000000001 /* Constants.swift */; };
		A1000062000000000000001 /* Permissions.swift in Sources */ = {isa = PBXBuildFile; fileRef = A1000063000000000000001 /* Permissions.swift */; };
		A1000070000000000000001 /* WhisperWrapper.swift in Sources */ = {isa = PBXBuildFile; fileRef = A1000071000000000000001 /* WhisperWrapper.swift */; };
		A1000072000000000000001 /* Metal.framework in Frameworks */ = {isa = PBXBuildFile; fileRef = A1000073000000000000001 /* Metal.framework */; };
		A1000080000000000000001 /* libwhisper.a in Frameworks */ = {isa = PBXBuildFile; fileRef = A1000081000000000000001 /* libwhisper.a */; };
		A1000082000000000000001 /* libggml.a in Frameworks */ = {isa = PBXBuildFile; fileRef = A1000083000000000000001 /* libggml.a */; };
		A1000084000000000000001 /* libggml-base.a in Frameworks */ = {isa = PBXBuildFile; fileRef = A1000085000000000000001 /* libggml-base.a */; };
		A1000086000000000000001 /* libggml-cpu.a in Frameworks */ = {isa = PBXBuildFile; fileRef = A1000087000000000000001 /* libggml-cpu.a */; };
		A1000088000000000000001 /* libggml-metal.a in Frameworks */ = {isa = PBXBuildFile; fileRef = A1000089000000000000001 /* libggml-metal.a */; };
		A1000090000000000000001 /* libggml-blas.a in Frameworks */ = {isa = PBXBuildFile; fileRef = A1000091000000000000001 /* libggml-blas.a */; };
		A1000093000000000000001 /* TextInjector.swift in Sources */ = {isa = PBXBuildFile; fileRef = A1000092000000000000001 /* TextInjector.swift */; };
		A1000095000000000000001 /* HotkeyManager.swift in Sources */ = {isa = PBXBuildFile; fileRef = A1000094000000000000001 /* HotkeyManager.swift */; };
/* End PBXBuildFile section */

/* Begin PBXFileReference section */
		7B73EFC12EDD944D0062E68C /* ModelManager.swift */ = {isa = PBXFileReference; lastKnownFileType = sourcecode.swift; path = ModelManager.swift; sourceTree = "<group>"; };
		7B73EFC32EDD946C0062E68C /* ModelRowView.swift */ = {isa = PBXFileReference; lastKnownFileType = sourcecode.swift; path = ModelRowView.swift; sourceTree = "<group>"; };
		7B73EFC52EDD947C0062E68C /* ModelSettingsView.swift */ = {isa = PBXFileReference; lastKnownFileType = sourcecode.swift; path = ModelSettingsView.swift; sourceTree = "<group>"; };
		A8000002000000000000001 /* SettingsContainerView.swift */ = {isa = PBXFileReference; lastKnownFileType = sourcecode.swift; path = SettingsContainerView.swift; sourceTree = "<group>"; };
		A8000004000000000000001 /* GeneralSettingsView.swift */ = {isa = PBXFileReference; lastKnownFileType = sourcecode.swift; path = GeneralSettingsView.swift; sourceTree = "<group>"; };
		A8000006000000000000001 /* HotkeySettingsView.swift */ = {isa = PBXFileReference; lastKnownFileType = sourcecode.swift; path = HotkeySettingsView.swift; sourceTree = "<group>"; };
		7B73EFC92EDD989E0062E68C /* AudioRecorder.swift */ = {isa = PBXFileReference; lastKnownFileType = sourcecode.swift; path = AudioRecorder.swift; sourceTree = "<group>"; };
		A7000002000000000000001 /* MenuBarView.swift */ = {isa = PBXFileReference; lastKnownFileType = sourcecode.swift; path = MenuBarView.swift; sourceTree = "<group>"; };
		A1000002000000000000001 /* WhisperTypeApp.swift */ = {isa = PBXFileReference; lastKnownFileType = sourcecode.swift; path = WhisperTypeApp.swift; sourceTree = "<group>"; };
		A1000004000000000000001 /* Assets.xcassets */ = {isa = PBXFileReference; lastKnownFileType = folder.assetcatalog; path = Assets.xcassets; sourceTree = "<group>"; };
		A1000006000000000000001 /* Accelerate.framework */ = {isa = PBXFileReference; lastKnownFileType = wrapper.framework; name = Accelerate.framework; path = System/Library/Frameworks/Accelerate.framework; sourceTree = SDKROOT; };
		A1000007000000000000001 /* WhisperType.app */ = {isa = PBXFileReference; explicitFileType = wrapper.application; includeInIndex = 0; path = WhisperType.app; sourceTree = BUILT_PRODUCTS_DIR; };
		A1000008000000000000001 /* Info.plist */ = {isa = PBXFileReference; lastKnownFileType = text.plist.xml; path = Info.plist; sourceTree = "<group>"; };
		A1000009000000000000001 /* WhisperType-Bridging-Header.h */ = {isa = PBXFileReference; lastKnownFileType = sourcecode.c.h; path = "WhisperType-Bridging-Header.h"; sourceTree = "<group>"; };
		A1000010000000000000001 /* WhisperType.entitlements */ = {isa = PBXFileReference; lastKnownFileType = text.plist.entitlements; path = WhisperType.entitlements; sourceTree = "<group>"; };
		A1000051000000000000001 /* AppDelegate.swift */ = {isa = PBXFileReference; lastKnownFileType = sourcecode.swift; path = AppDelegate.swift; sourceTree = "<group>"; };
		A1000053000000000000001 /* AppCoordinator.swift */ = {isa = PBXFileReference; lastKnownFileType = sourcecode.swift; path = AppCoordinator.swift; sourceTree = "<group>"; };
		A1000055000000000000001 /* AppSettings.swift */ = {isa = PBXFileReference; lastKnownFileType = sourcecode.swift; path = AppSettings.swift; sourceTree = "<group>"; };
		A1000057000000000000001 /* WhisperModel.swift */ = {isa = PBXFileReference; lastKnownFileType = sourcecode.swift; path = WhisperModel.swift; sourceTree = "<group>"; };
		A1000059000000000000001 /* TranscriptionResult.swift */ = {isa = PBXFileReference; lastKnownFileType = sourcecode.swift; path = TranscriptionResult.swift; sourceTree = "<group>"; };
		A1000061000000000000001 /* Constants.swift */ = {isa = PBXFileReference; lastKnownFileType = sourcecode.swift; path = Constants.swift; sourceTree = "<group>"; };
		A1000063000000000000001 /* Permissions.swift */ = {isa = PBXFileReference; lastKnownFileType = sourcecode.swift; path = Permissions.swift; sourceTree = "<group>"; };
		A1000071000000000000001 /* WhisperWrapper.swift */ = {isa = PBXFileReference; lastKnownFileType = sourcecode.swift; path = WhisperWrapper.swift; sourceTree = "<group>"; };
		A1000073000000000000001 /* Metal.framework */ = {isa = PBXFileReference; lastKnownFileType = wrapper.framework; name = Metal.framework; path = System/Library/Frameworks/Metal.framework; sourceTree = SDKROOT; };
		A1000081000000000000001 /* libwhisper.a */ = {isa = PBXFileReference; lastKnownFileType = archive.ar; name = libwhisper.a; path = "Libraries/whisper-built/lib/libwhisper.a"; sourceTree = "<group>"; };
		A1000083000000000000001 /* libggml.a */ = {isa = PBXFileReference; lastKnownFileType = archive.ar; name = libggml.a; path = "Libraries/whisper-built/lib/libggml.a"; sourceTree = "<group>"; };
		A1000085000000000000001 /* libggml-base.a */ = {isa = PBXFileReference; lastKnownFileType = archive.ar; name = "libggml-base.a"; path = "Libraries/whisper-built/lib/libggml-base.a"; sourceTree = "<group>"; };
		A1000087000000000000001 /* libggml-cpu.a */ = {isa = PBXFileReference; lastKnownFileType = archive.ar; name = "libggml-cpu.a"; path = "Libraries/whisper-built/lib/libggml-cpu.a"; sourceTree = "<group>"; };
		A1000089000000000000001 /* libggml-metal.a */ = {isa = PBXFileReference; lastKnownFileType = archive.ar; name = "libggml-metal.a"; path = "Libraries/whisper-built/lib/libggml-metal.a"; sourceTree = "<group>"; };
		A1000091000000000000001 /* libggml-blas.a */ = {isa = PBXFileReference; lastKnownFileType = archive.ar; name = "libggml-blas.a"; path = "Libraries/whisper-built/lib/libggml-blas.a"; sourceTree = "<group>"; };
		A1000092000000000000001 /* TextInjector.swift */ = {isa = PBXFileReference; lastKnownFileType = sourcecode.swift; path = TextInjector.swift; sourceTree = "<group>"; };
		A1000094000000000000001 /* HotkeyManager.swift */ = {isa = PBXFileReference; lastKnownFileType = sourcecode.swift; path = HotkeyManager.swift; sourceTree = "<group>"; };
		A1000100000000000000001 /* WhisperType.xcconfig */ = {isa = PBXFileReference; lastKnownFileType = text.xcconfig; path = WhisperType.xcconfig; sourceTree = "<group>"; };
/* End PBXFileReference section */

/* Begin PBXFrameworksBuildPhase section */
		A1000011000000000000001 /* Frameworks */ = {
			isa = PBXFrameworksBuildPhase;
			buildActionMask = 2147483647;
			files = (
				A1000080000000000000001 /* libwhisper.a in Frameworks */,
				A1000082000000000000001 /* libggml.a in Frameworks */,
				A1000084000000000000001 /* libggml-base.a in Frameworks */,
				A1000086000000000000001 /* libggml-cpu.a in Frameworks */,
				A1000088000000000000001 /* libggml-metal.a in Frameworks */,
				A1000090000000000000001 /* libggml-blas.a in Frameworks */,
				7B73EFCF2EDDD9D10062E68C /* HotKey in Frameworks */,
				A1000005000000000000001 /* Accelerate.framework in Frameworks */,
				A1000072000000000000001 /* Metal.framework in Frameworks */,
			);
			runOnlyForDeploymentPostprocessing = 0;
		};
/* End PBXFrameworksBuildPhase section */

/* Begin PBXGroup section */
		A1000012000000000000001 = {
			isa = PBXGroup;
			children = (
				A1000013000000000000001 /* WhisperType */,
				A1000014000000000000001 /* Libraries */,
				A1000015000000000000001 /* Frameworks */,
				A1000016000000000000001 /* Products */,
			);
			sourceTree = "<group>";
		};
		A1000013000000000000001 /* WhisperType */ = {
			isa = PBXGroup;
			children = (
				A1000017000000000000001 /* App */,
				A1000018000000000000001 /* Models */,
				A1000019000000000000001 /* Managers */,
				A1000020000000000000001 /* Views */,
				A1000021000000000000001 /* Utilities */,
				A1000022000000000000001 /* Bridging */,
				A1000023000000000000001 /* Resources */,
				A1000101000000000000001 /* Config */,
				A1000008000000000000001 /* Info.plist */,
				A1000010000000000000001 /* WhisperType.entitlements */,
			);
			path = WhisperType;
			sourceTree = "<group>";
		};
		A1000014000000000000001 /* Libraries */ = {
			isa = PBXGroup;
			children = (
			);
			path = Libraries;
			sourceTree = "<group>";
		};
		A1000015000000000000001 /* Frameworks */ = {
			isa = PBXGroup;
			children = (
				A1000006000000000000001 /* Accelerate.framework */,
				A1000073000000000000001 /* Metal.framework */,
				A1000081000000000000001 /* libwhisper.a */,
				A1000083000000000000001 /* libggml.a */,
				A1000085000000000000001 /* libggml-base.a */,
				A1000087000000000000001 /* libggml-cpu.a */,
				A1000089000000000000001 /* libggml-metal.a */,
				A1000091000000000000001 /* libggml-blas.a */,
			);
			name = Frameworks;
			sourceTree = "<group>";
		};
		A1000016000000000000001 /* Products */ = {
			isa = PBXGroup;
			children = (
				A1000007000000000000001 /* WhisperType.app */,
			);
			name = Products;
			sourceTree = "<group>";
		};
		A1000017000000000000001 /* App */ = {
			isa = PBXGroup;
			children = (
				A1000002000000000000001 /* WhisperTypeApp.swift */,
				A1000051000000000000001 /* AppDelegate.swift */,
				A1000053000000000000001 /* AppCoordinator.swift */,
			);
			path = App;
			sourceTree = "<group>";
		};
		A1000018000000000000001 /* Models */ = {
			isa = PBXGroup;
			children = (
				A1000055000000000000001 /* AppSettings.swift */,
				A1000057000000000000001 /* WhisperModel.swift */,
				A1000059000000000000001 /* TranscriptionResult.swift */,
			);
			path = Models;
			sourceTree = "<group>";
		};
		A1000019000000000000001 /* Managers */ = {
			isa = PBXGroup;
			children = (
				7B73EFC92EDD989E0062E68C /* AudioRecorder.swift */,
				A1000094000000000000001 /* HotkeyManager.swift */,
				7B73EFC12EDD944D0062E68C /* ModelManager.swift */,
				A1000092000000000000001 /* TextInjector.swift */,
				A1000071000000000000001 /* WhisperWrapper.swift */,
			);
			path = Managers;
			sourceTree = "<group>";
		};
		A1000020000000000000001 /* Views */ = {
			isa = PBXGroup;
			children = (
				A1000024000000000000001 /* MenuBar */,
				A1000025000000000000001 /* Settings */,
				A1000026000000000000001 /* Components */,
			);
			path = Views;
			sourceTree = "<group>";
		};
		A1000021000000000000001 /* Utilities */ = {
			isa = PBXGroup;
			children = (
				A1000061000000000000001 /* Constants.swift */,
				A1000063000000000000001 /* Permissions.swift */,
			);
			path = Utilities;
			sourceTree = "<group>";
		};
		A1000022000000000000001 /* Bridging */ = {
			isa = PBXGroup;
			children = (
				A1000009000000000000001 /* WhisperType-Bridging-Header.h */,
			);
			path = Bridging;
			sourceTree = "<group>";
		};
		A1000023000000000000001 /* Resources */ = {
			isa = PBXGroup;
			children = (
				A1000004000000000000001 /* Assets.xcassets */,
			);
			path = Resources;
			sourceTree = "<group>";
		};
		A1000024000000000000001 /* MenuBar */ = {
			isa = PBXGroup;
			children = (
				A7000002000000000000001 /* MenuBarView.swift */,
			);
			path = MenuBar;
			sourceTree = "<group>";
		};
		A1000025000000000000001 /* Settings */ = {
			isa = PBXGroup;
			children = (
				A8000002000000000000001 /* SettingsContainerView.swift */,
				A8000004000000000000001 /* GeneralSettingsView.swift */,
				A8000006000000000000001 /* HotkeySettingsView.swift */,
				7B73EFC52EDD947C0062E68C /* ModelSettingsView.swift */,
			);
			path = Settings;
			sourceTree = "<group>";
		};
		A1000026000000000000001 /* Components */ = {
			isa = PBXGroup;
			children = (
				7B73EFC32EDD946C0062E68C /* ModelRowView.swift */,
			);
			path = Components;
			sourceTree = "<group>";
		};
		A1000101000000000000001 /* Config */ = {
			isa = PBXGroup;
			children = (
				A1000100000000000000001 /* WhisperType.xcconfig */,
			);
			path = Config;
			sourceTree = "<group>";
		};
/* End PBXGroup section */

/* Begin PBXNativeTarget section */
		A1000027000000000000001 /* WhisperType */ = {
			isa = PBXNativeTarget;
			buildConfigurationList = A1000028000000000000001 /* Build configuration list for PBXNativeTarget "WhisperType" */;
			buildPhases = (
				A1000029000000000000001 /* Sources */,
				A1000011000000000000001 /* Frameworks */,
				A1000030000000000000001 /* Resources */,
			);
			buildRules = (
			);
			dependencies = (
			);
			name = WhisperType;
			productName = WhisperType;
			productReference = A1000007000000000000001 /* WhisperType.app */;
			productType = "com.apple.product-type.application";
		};
/* End PBXNativeTarget section */

/* Begin PBXProject section */
		A1000031000000000000001 /* Project object */ = {
			isa = PBXProject;
			attributes = {
				BuildIndependentTargetsInParallel = 1;
				LastSwiftUpdateCheck = 1500;
				LastUpgradeCheck = 1500;
				TargetAttributes = {
					A1000027000000000000001 = {
						CreatedOnToolsVersion = 15.0;
					};
				};
			};
			buildConfigurationList = A1000032000000000000001 /* Build configuration list for PBXProject "WhisperType" */;
			compatibilityVersion = "Xcode 14.0";
			developmentRegion = en;
			hasScannedForEncodings = 0;
			knownRegions = (
				en,
				Base,
			);
			mainGroup = A1000012000000000000001;
			packageReferences = (
				7B73EFCD2EDDD9D10062E68C /* XCRemoteSwiftPackageReference "HotKey" */,
			);
			productRefGroup = A1000016000000000000001 /* Products */;
			projectDirPath = "";
			projectRoot = "";
			targets = (
				A1000027000000000000001 /* WhisperType */,
			);
		};
/* End PBXProject section */

/* Begin PBXResourcesBuildPhase section */
		A1000030000000000000001 /* Resources */ = {
			isa = PBXResourcesBuildPhase;
			buildActionMask = 2147483647;
			files = (
				A1000003000000000000001 /* Assets.xcassets in Resources */,
			);
			runOnlyForDeploymentPostprocessing = 0;
		};
/* End PBXResourcesBuildPhase section */

/* Begin PBXSourcesBuildPhase section */
		A1000029000000000000001 /* Sources */ = {
			isa = PBXSourcesBuildPhase;
			buildActionMask = 2147483647;
			files = (
				A1000001000000000000001 /* WhisperTypeApp.swift in Sources */,
				A1000050000000000000001 /* AppDelegate.swift in Sources */,
				A1000052000000000000001 /* AppCoordinator.swift in Sources */,
				A1000054000000000000001 /* AppSettings.swift in Sources */,
				A1000056000000000000001 /* WhisperModel.swift in Sources */,
				A1000058000000000000001 /* TranscriptionResult.swift in Sources */,
				A1000060000000000000001 /* Constants.swift in Sources */,
				A1000062000000000000001 /* Permissions.swift in Sources */,
				A1000070000000000000001 /* WhisperWrapper.swift in Sources */,
				A1000093000000000000001 /* TextInjector.swift in Sources */,
				A1000095000000000000001 /* HotkeyManager.swift in Sources */,
				7B73EFC22EDD944D0062E68C /* ModelManager.swift in Sources */,
				7B73EFC42EDD946C0062E68C /* ModelRowView.swift in Sources */,
				7B73EFC62EDD947C0062E68C /* ModelSettingsView.swift in Sources */,
				A8000001000000000000001 /* SettingsContainerView.swift in Sources */,
				A8000003000000000000001 /* GeneralSettingsView.swift in Sources */,
				A8000005000000000000001 /* HotkeySettingsView.swift in Sources */,
				7B73EFCA2EDD989E0062E68C /* AudioRecorder.swift in Sources */,
				A7000001000000000000001 /* MenuBarView.swift in Sources */,
			);
			runOnlyForDeploymentPostprocessing = 0;
		};
/* End PBXSourcesBuildPhase section */

/* Begin XCBuildConfiguration section */
		A1000033000000000000001 /* Debug */ = {
			isa = XCBuildConfiguration;
			buildSettings = {
				ALWAYS_SEARCH_USER_PATHS = NO;
				ASSETCATALOG_COMPILER_GENERATE_SWIFT_ASSET_SYMBOL_EXTENSIONS = YES;
				CLANG_ANALYZER_NONNULL = YES;
				CLANG_ANALYZER_NUMBER_OBJECT_CONVERSION = YES_AGGRESSIVE;
				CLANG_CXX_LANGUAGE_STANDARD = "c++17";
				CLANG_CXX_LIBRARY = "libc++";
				CLANG_ENABLE_MODULES = YES;
				CLANG_ENABLE_OBJC_ARC = YES;
				CLANG_ENABLE_OBJC_WEAK = YES;
				CLANG_WARN_BLOCK_CAPTURE_AUTORELEASING = YES;
				CLANG_WARN_BOOL_CONVERSION = YES;
				CLANG_WARN_COMMA = YES;
				CLANG_WARN_CONSTANT_CONVERSION = YES;
				CLANG_WARN_DEPRECATED_OBJC_IMPLEMENTATIONS = YES;
				CLANG_WARN_DIRECT_OBJC_ISA_USAGE = YES_ERROR;
				CLANG_WARN_DOCUMENTATION_COMMENTS = YES;
				CLANG_WARN_EMPTY_BODY = YES;
				CLANG_WARN_ENUM_CONVERSION = YES;
				CLANG_WARN_INFINITE_RECURSION = YES;
				CLANG_WARN_INT_CONVERSION = YES;
				CLANG_WARN_NON_LITERAL_NULL_CONVERSION = YES;
				CLANG_WARN_OBJC_IMPLICIT_RETAIN_SELF = YES;
				CLANG_WARN_OBJC_LITERAL_CONVERSION = YES;
				CLANG_WARN_OBJC_ROOT_CLASS = YES_ERROR;
				CLANG_WARN_QUOTED_INCLUDE_IN_FRAMEWORK_HEADER = YES;
				CLANG_WARN_RANGE_LOOP_ANALYSIS = YES;
				CLANG_WARN_STRICT_PROTOTYPES = YES;
				CLANG_WARN_SUSPICIOUS_MOVE = YES;
				CLANG_WARN_UNGUARDED_AVAILABILITY = YES_AGGRESSIVE;
				CLANG_WARN_UNREACHABLE_CODE = YES;
				CLANG_WARN__DUPLICATE_METHOD_MATCH = YES;
				COPY_PHASE_STRIP = NO;
				DEBUG_INFORMATION_FORMAT = dwarf;
				ENABLE_STRICT_OBJC_MSGSEND = YES;
				ENABLE_TESTABILITY = YES;
				ENABLE_USER_SCRIPT_SANDBOXING = YES;
				GCC_C_LANGUAGE_STANDARD = gnu17;
				GCC_DYNAMIC_NO_PIC = NO;
				GCC_NO_COMMON_BLOCKS = YES;
				GCC_OPTIMIZATION_LEVEL = 0;
				GCC_PREPROCESSOR_DEFINITIONS = (
					"DEBUG=1",
					"$(inherited)",
				);
				GCC_WARN_64_TO_32_BIT_CONVERSION = YES;
				GCC_WARN_ABOUT_RETURN_TYPE = YES_ERROR;
				GCC_WARN_UNDECLARED_SELECTOR = YES;
				GCC_WARN_UNINITIALIZED_AUTOS = YES_AGGRESSIVE;
				GCC_WARN_UNUSED_FUNCTION = YES;
				GCC_WARN_UNUSED_VARIABLE = YES;
				MACOSX_DEPLOYMENT_TARGET = 13.0;
				MTL_ENABLE_DEBUG_INFO = INCLUDE_SOURCE;
				MTL_FAST_MATH = YES;
				ONLY_ACTIVE_ARCH = YES;
				SDKROOT = macosx;
				SWIFT_ACTIVE_COMPILATION_CONDITIONS = "DEBUG $(inherited)";
				SWIFT_OPTIMIZATION_LEVEL = "-Onone";
			};
			name = Debug;
		};
		A1000034000000000000001 /* Release */ = {
			isa = XCBuildConfiguration;
			buildSettings = {
				ALWAYS_SEARCH_USER_PATHS = NO;
				ASSETCATALOG_COMPILER_GENERATE_SWIFT_ASSET_SYMBOL_EXTENSIONS = YES;
				CLANG_ANALYZER_NONNULL = YES;
				CLANG_ANALYZER_NUMBER_OBJECT_CONVERSION = YES_AGGRESSIVE;
				CLANG_CXX_LANGUAGE_STANDARD = "c++17";
				CLANG_CXX_LIBRARY = "libc++";
				CLANG_ENABLE_MODULES = YES;
				CLANG_ENABLE_OBJC_ARC = YES;
				CLANG_ENABLE_OBJC_WEAK = YES;
				CLANG_WARN_BLOCK_CAPTURE_AUTORELEASING = YES;
				CLANG_WARN_BOOL_CONVERSION = YES;
				CLANG_WARN_COMMA = YES;
				CLANG_WARN_CONSTANT_CONVERSION = YES;
				CLANG_WARN_DEPRECATED_OBJC_IMPLEMENTATIONS = YES;
				CLANG_WARN_DIRECT_OBJC_ISA_USAGE = YES_ERROR;
				CLANG_WARN_DOCUMENTATION_COMMENTS = YES;
				CLANG_WARN_EMPTY_BODY = YES;
				CLANG_WARN_ENUM_CONVERSION = YES;
				CLANG_WARN_INFINITE_RECURSION = YES;
				CLANG_WARN_INT_CONVERSION = YES;
				CLANG_WARN_NON_LITERAL_NULL_CONVERSION = YES;
				CLANG_WARN_OBJC_IMPLICIT_RETAIN_SELF = YES;
				CLANG_WARN_OBJC_LITERAL_CONVERSION = YES;
				CLANG_WARN_OBJC_ROOT_CLASS = YES_ERROR;
				CLANG_WARN_QUOTED_INCLUDE_IN_FRAMEWORK_HEADER = YES;
				CLANG_WARN_RANGE_LOOP_ANALYSIS = YES;
				CLANG_WARN_STRICT_PROTOTYPES = YES;
				CLANG_WARN_SUSPICIOUS_MOVE = YES;
				CLANG_WARN_UNGUARDED_AVAILABILITY = YES_AGGRESSIVE;
				CLANG_WARN_UNREACHABLE_CODE = YES;
				CLANG_WARN__DUPLICATE_METHOD_MATCH = YES;
				COPY_PHASE_STRIP = NO;
				DEBUG_INFORMATION_FORMAT = "dwarf-with-dsym";
				ENABLE_NS_ASSERTIONS = NO;
				ENABLE_STRICT_OBJC_MSGSEND = YES;
				ENABLE_USER_SCRIPT_SANDBOXING = YES;
				GCC_C_LANGUAGE_STANDARD = gnu17;
				GCC_NO_COMMON_BLOCKS = YES;
				GCC_WARN_64_TO_32_BIT_CONVERSION = YES;
				GCC_WARN_ABOUT_RETURN_TYPE = YES_ERROR;
				GCC_WARN_UNDECLARED_SELECTOR = YES;
				GCC_WARN_UNINITIALIZED_AUTOS = YES_AGGRESSIVE;
				GCC_WARN_UNUSED_FUNCTION = YES;
				GCC_WARN_UNUSED_VARIABLE = YES;
				MACOSX_DEPLOYMENT_TARGET = 13.0;
				MTL_ENABLE_DEBUG_INFO = NO;
				MTL_FAST_MATH = YES;
				SDKROOT = macosx;
				SWIFT_COMPILATION_MODE = wholemodule;
			};
			name = Release;
		};
		A1000035000000000000001 /* Debug */ = {
			isa = XCBuildConfiguration;
			buildSettings = {
				ASSETCATALOG_COMPILER_APPICON_NAME = AppIcon;
				ASSETCATALOG_COMPILER_GLOBAL_ACCENT_COLOR_NAME = AccentColor;
				CODE_SIGN_ENTITLEMENTS = WhisperType/WhisperType.entitlements;
				CODE_SIGN_STYLE = Automatic;
				COMBINE_HIDPI_IMAGES = YES;
				CURRENT_PROJECT_VERSION = 1;
				DEVELOPMENT_TEAM = "";
				ENABLE_HARDENED_RUNTIME = YES;
				GENERATE_INFOPLIST_FILE = YES;
				HEADER_SEARCH_PATHS = (
					"$(inherited)",
					"$(SRCROOT)/Libraries/whisper-built/include",
				);
				INFOPLIST_FILE = WhisperType/Info.plist;
				INFOPLIST_KEY_CFBundleDisplayName = WhisperType;
				INFOPLIST_KEY_LSApplicationCategoryType = "public.app-category.utilities";
				INFOPLIST_KEY_LSUIElement = YES;
				INFOPLIST_KEY_NSMicrophoneUsageDescription = "WhisperType needs microphone access to record your voice for transcription.";
				LD_RUNPATH_SEARCH_PATHS = (
					"$(inherited)",
					"@executable_path/../Frameworks",
				);
				LIBRARY_SEARCH_PATHS = (
					"$(inherited)",
					"$(SRCROOT)/Libraries/whisper-built/lib",
				);
				MARKETING_VERSION = 1.0;
				OTHER_LDFLAGS = (
					"$(inherited)",
					"-lc++",
				);
				PRODUCT_BUNDLE_IDENTIFIER = com.whispertype.app;
				PRODUCT_NAME = "$(TARGET_NAME)";
				SWIFT_EMIT_LOC_STRINGS = YES;
				SWIFT_OBJC_BRIDGING_HEADER = "WhisperType/Bridging/WhisperType-Bridging-Header.h";
				SWIFT_VERSION = 5.0;
			};
			name = Debug;
		};
		A1000036000000000000001 /* Release */ = {
			isa = XCBuildConfiguration;
			buildSettings = {
				ASSETCATALOG_COMPILER_APPICON_NAME = AppIcon;
				ASSETCATALOG_COMPILER_GLOBAL_ACCENT_COLOR_NAME = AccentColor;
				CODE_SIGN_ENTITLEMENTS = WhisperType/WhisperType.entitlements;
				CODE_SIGN_STYLE = Automatic;
				COMBINE_HIDPI_IMAGES = YES;
				CURRENT_PROJECT_VERSION = 1;
				DEVELOPMENT_TEAM = "";
				ENABLE_HARDENED_RUNTIME = YES;
				GENERATE_INFOPLIST_FILE = YES;
				HEADER_SEARCH_PATHS = (
					"$(inherited)",
					"$(SRCROOT)/Libraries/whisper-built/include",
				);
				INFOPLIST_FILE = WhisperType/Info.plist;
				INFOPLIST_KEY_CFBundleDisplayName = WhisperType;
				INFOPLIST_KEY_LSApplicationCategoryType = "public.app-category.utilities";
				INFOPLIST_KEY_LSUIElement = YES;
				INFOPLIST_KEY_NSMicrophoneUsageDescription = "WhisperType needs microphone access to record your voice for transcription.";
				LD_RUNPATH_SEARCH_PATHS = (
					"$(inherited)",
					"@executable_path/../Frameworks",
				);
				LIBRARY_SEARCH_PATHS = (
					"$(inherited)",
					"$(SRCROOT)/Libraries/whisper-built/lib",
				);
				MARKETING_VERSION = 1.0;
				OTHER_LDFLAGS = (
					"$(inherited)",
					"-lc++",
				);
				PRODUCT_BUNDLE_IDENTIFIER = com.whispertype.app;
				PRODUCT_NAME = "$(TARGET_NAME)";
				SWIFT_EMIT_LOC_STRINGS = YES;
				SWIFT_OBJC_BRIDGING_HEADER = "WhisperType/Bridging/WhisperType-Bridging-Header.h";
				SWIFT_VERSION = 5.0;
			};
			name = Release;
		};
/* End XCBuildConfiguration section */

/* Begin XCConfigurationList section */
		A1000028000000000000001 /* Build configuration list for PBXNativeTarget "WhisperType" */ = {
			isa = XCConfigurationList;
			buildConfigurations = (
				A1000035000000000000001 /* Debug */,
				A1000036000000000000001 /* Release */,
			);
			defaultConfigurationIsVisible = 0;
			defaultConfigurationName = Release;
		};
		A1000032000000000000001 /* Build configuration list for PBXProject "WhisperType" */ = {
			isa = XCConfigurationList;
			buildConfigurations = (
				A1000033000000000000001 /* Debug */,
				A1000034000000000000001 /* Release */,
			);
			defaultConfigurationIsVisible = 0;
			defaultConfigurationName = Release;
		};
/* End XCConfigurationList section */

/* Begin XCRemoteSwiftPackageReference section */
		7B73EFCD2EDDD9D10062E68C /* XCRemoteSwiftPackageReference "HotKey" */ = {
			isa = XCRemoteSwiftPackageReference;
			repositoryURL = "https://github.com/soffes/HotKey";
			requirement = {
				branch = main;
				kind = branch;
			};
		};
/* End XCRemoteSwiftPackageReference section */

/* Begin XCSwiftPackageProductDependency section */
		7B73EFCE2EDDD9D10062E68C /* HotKey */ = {
			isa = XCSwiftPackageProductDependency;
			package = 7B73EFCD2EDDD9D10062E68C /* XCRemoteSwiftPackageReference "HotKey" */;
			productName = HotKey;
		};
/* End XCSwiftPackageProductDependency section */
	};
	rootObject = A1000031000000000000001 /* Project object */;
}
